// !$*UTF8*$!
{
	archiveVersion = 1;
	classes = {
	};
	objectVersion = 51;
	objects = {

/* Begin PBXBuildFile section */
		0A25982424ED957D003893FA /* ButterflyPhotoExtensionTests.swift in Sources */ = {isa = PBXBuildFile; fileRef = 0A25982324ED957D003893FA /* ButterflyPhotoExtensionTests.swift */; };
		0A25982724EDBC5D003893FA /* SpeciesPresenter.swift in Sources */ = {isa = PBXBuildFile; fileRef = 0A25982624EDBC5D003893FA /* SpeciesPresenter.swift */; };
		0A25982924EDBC67003893FA /* SpeciesState.swift in Sources */ = {isa = PBXBuildFile; fileRef = 0A25982824EDBC67003893FA /* SpeciesState.swift */; };
		0A25982C24EDBCB2003893FA /* SpeciesEvents.swift in Sources */ = {isa = PBXBuildFile; fileRef = 0A25982B24EDBCB2003893FA /* SpeciesEvents.swift */; };
		0A25982F24EDBD55003893FA /* SpeciesViewStates.swift in Sources */ = {isa = PBXBuildFile; fileRef = 0A25982E24EDBD55003893FA /* SpeciesViewStates.swift */; };
		0A25983124EDBDDB003893FA /* SpeciesRepository.swift in Sources */ = {isa = PBXBuildFile; fileRef = 0A25983024EDBDDB003893FA /* SpeciesRepository.swift */; };
		0A25983324EDC176003893FA /* SpeciesPresenterTests.swift in Sources */ = {isa = PBXBuildFile; fileRef = 0A25983224EDC176003893FA /* SpeciesPresenterTests.swift */; };
		0A7351DE24EE681100E2712D /* Species.storyboard in Resources */ = {isa = PBXBuildFile; fileRef = 0A7351DD24EE681100E2712D /* Species.storyboard */; };
		0A7351E024EE68C600E2712D /* SpeciesViewController.swift in Sources */ = {isa = PBXBuildFile; fileRef = 0A7351DF24EE68C600E2712D /* SpeciesViewController.swift */; };
		0A7351E324EEA29400E2712D /* SpeciesTableComponent.swift in Sources */ = {isa = PBXBuildFile; fileRef = 0A7351E224EEA29400E2712D /* SpeciesTableComponent.swift */; };
		0A7351E524EEA2A000E2712D /* SpeciesCollectionComponent.swift in Sources */ = {isa = PBXBuildFile; fileRef = 0A7351E424EEA2A000E2712D /* SpeciesCollectionComponent.swift */; };
		0A7351E724EEA2B400E2712D /* SpeciesHeaderComponent.swift in Sources */ = {isa = PBXBuildFile; fileRef = 0A7351E624EEA2B400E2712D /* SpeciesHeaderComponent.swift */; };
		0AC7BAFF24CF01CE000908B9 /* UiEvents.swift in Sources */ = {isa = PBXBuildFile; fileRef = 0AC7BAFE24CF01CE000908B9 /* UiEvents.swift */; };
		0AC7BB0224CF0251000908B9 /* ViewStates.swift in Sources */ = {isa = PBXBuildFile; fileRef = 0AC7BB0124CF0251000908B9 /* ViewStates.swift */; };
		9547548019A5D17BEEC94846 /* libPods-ButterfliesOfGreeceTests.a in Frameworks */ = {isa = PBXBuildFile; fileRef = 62873FDF24A63BF08ACE5A39 /* libPods-ButterfliesOfGreeceTests.a */; };
		CFC3C409C37A2FC6E05D147D /* Pods_ButterfliesOfGreece.framework in Frameworks */ = {isa = PBXBuildFile; fileRef = A5F0C8F7E4985A676B8CE1D8 /* Pods_ButterfliesOfGreece.framework */; };
		FE10425124D4B7230075D027 /* Constants.swift in Sources */ = {isa = PBXBuildFile; fileRef = FE10425024D4B7230075D027 /* Constants.swift */; };
		FE10425324D4B7ED0075D027 /* ColorsExtension.swift in Sources */ = {isa = PBXBuildFile; fileRef = FE10425224D4B7ED0075D027 /* ColorsExtension.swift */; };
		FE10425924D5AB030075D027 /* Family.swift in Sources */ = {isa = PBXBuildFile; fileRef = FE10425824D5AB030075D027 /* Family.swift */; };
		FE10425B24D5AB920075D027 /* Specie.swift in Sources */ = {isa = PBXBuildFile; fileRef = FE10425A24D5AB920075D027 /* Specie.swift */; };
		FE10425D24D5ABD20075D027 /* ButterflyPhoto.swift in Sources */ = {isa = PBXBuildFile; fileRef = FE10425C24D5ABD20075D027 /* ButterflyPhoto.swift */; };
		FE13419F24E326190076EF14 /* PhotosTableSource.swift in Sources */ = {isa = PBXBuildFile; fileRef = FE13419E24E326190076EF14 /* PhotosTableSource.swift */; };
		FE1341A224E3263A0076EF14 /* PhotosTableViewCell.swift in Sources */ = {isa = PBXBuildFile; fileRef = FE1341A024E3263A0076EF14 /* PhotosTableViewCell.swift */; };
		FE1341A324E3263A0076EF14 /* PhotosTableViewCell.xib in Resources */ = {isa = PBXBuildFile; fileRef = FE1341A124E3263A0076EF14 /* PhotosTableViewCell.xib */; };
		FE1341A624E326880076EF14 /* PhotosCollectionView.swift in Sources */ = {isa = PBXBuildFile; fileRef = FE1341A524E326880076EF14 /* PhotosCollectionView.swift */; };
		FE1341A824E326960076EF14 /* PhotosCollectionView.xib in Resources */ = {isa = PBXBuildFile; fileRef = FE1341A724E326960076EF14 /* PhotosCollectionView.xib */; };
		FE1341AB24E327AD0076EF14 /* PhotosCollectionSource.swift in Sources */ = {isa = PBXBuildFile; fileRef = FE1341AA24E327AD0076EF14 /* PhotosCollectionSource.swift */; };
		FE1341B024E32A8F0076EF14 /* HeaderView.swift in Sources */ = {isa = PBXBuildFile; fileRef = FE1341AF24E32A8F0076EF14 /* HeaderView.swift */; };
		FE1341B224E32A9C0076EF14 /* HeaderView.xib in Resources */ = {isa = PBXBuildFile; fileRef = FE1341B124E32A9C0076EF14 /* HeaderView.xib */; };
		FE1341B424E32B340076EF14 /* FamiliesCollectionComponent.swift in Sources */ = {isa = PBXBuildFile; fileRef = FE1341B324E32B340076EF14 /* FamiliesCollectionComponent.swift */; };
		FE1341B624E32E6F0076EF14 /* FamiliesHeaderComponent.swift in Sources */ = {isa = PBXBuildFile; fileRef = FE1341B524E32E6F0076EF14 /* FamiliesHeaderComponent.swift */; };
		FE1FBE9124CB1121008D0EA1 /* BackgroundThreadScheduler.swift in Sources */ = {isa = PBXBuildFile; fileRef = FE1FBE9024CB1121008D0EA1 /* BackgroundThreadScheduler.swift */; };
		FE1FBE9324CB11A8008D0EA1 /* MainThreadScheduler.swift in Sources */ = {isa = PBXBuildFile; fileRef = FE1FBE9224CB11A8008D0EA1 /* MainThreadScheduler.swift */; };
		FE389B3A24CF68A300F47717 /* MenuUiEvents.swift in Sources */ = {isa = PBXBuildFile; fileRef = FE389B3924CF68A300F47717 /* MenuUiEvents.swift */; };
		FE389B3D24CF68CB00F47717 /* MenuViewStates.swift in Sources */ = {isa = PBXBuildFile; fileRef = FE389B3C24CF68CB00F47717 /* MenuViewStates.swift */; };
		FE389B3F24CF68F400F47717 /* FamiliesPresenter.swift in Sources */ = {isa = PBXBuildFile; fileRef = FE389B3E24CF68F400F47717 /* FamiliesPresenter.swift */; };
		FE389B4224CF699A00F47717 /* FamiliesEvents.swift in Sources */ = {isa = PBXBuildFile; fileRef = FE389B4124CF699A00F47717 /* FamiliesEvents.swift */; };
		FE389B4524CF6A6D00F47717 /* FamiliesViewStates.swift in Sources */ = {isa = PBXBuildFile; fileRef = FE389B4424CF6A6D00F47717 /* FamiliesViewStates.swift */; };
		FE389B4724CF707900F47717 /* FamiliesPresenterTests.swift in Sources */ = {isa = PBXBuildFile; fileRef = FE389B4624CF707900F47717 /* FamiliesPresenterTests.swift */; };
		FE389B4924CF70BD00F47717 /* TestSchedulers.swift in Sources */ = {isa = PBXBuildFile; fileRef = FE389B4824CF70BD00F47717 /* TestSchedulers.swift */; };
		FE5327B024E02AD000BA4AF5 /* ImageExtensions.swift in Sources */ = {isa = PBXBuildFile; fileRef = FE5327AF24E02AD000BA4AF5 /* ImageExtensions.swift */; };
		FE5327B324E039DD00BA4AF5 /* ACTypoGrotesk.ttf in Resources */ = {isa = PBXBuildFile; fileRef = FE5327B224E039BE00BA4AF5 /* ACTypoGrotesk.ttf */; };
		FE5327B524E03B9200BA4AF5 /* FonstExtensions.swift in Sources */ = {isa = PBXBuildFile; fileRef = FE5327B424E03B9200BA4AF5 /* FonstExtensions.swift */; };
		FE5327B724E178D500BA4AF5 /* FamiliesState.swift in Sources */ = {isa = PBXBuildFile; fileRef = FE5327B624E178D500BA4AF5 /* FamiliesState.swift */; };
		FE5327BA24E1DDE900BA4AF5 /* FamiliesTableComponent.swift in Sources */ = {isa = PBXBuildFile; fileRef = FE5327B924E1DDE900BA4AF5 /* FamiliesTableComponent.swift */; };
		FE5327BF24E30D7800BA4AF5 /* PhotosTableView.swift in Sources */ = {isa = PBXBuildFile; fileRef = FE5327BE24E30D7800BA4AF5 /* PhotosTableView.swift */; };
		FE5327C124E30D8B00BA4AF5 /* PhotosTableView.xib in Resources */ = {isa = PBXBuildFile; fileRef = FE5327C024E30D8B00BA4AF5 /* PhotosTableView.xib */; };
		FE6952E924E59B6500A844A2 /* HeaderViewEvents.swift in Sources */ = {isa = PBXBuildFile; fileRef = FE6952E824E59B6400A844A2 /* HeaderViewEvents.swift */; };
		FE6952EC24E5C5A900A844A2 /* HeaderViewViewStates.swift in Sources */ = {isa = PBXBuildFile; fileRef = FE6952EB24E5C5A900A844A2 /* HeaderViewViewStates.swift */; };
		FE71B27024F1ACF3009F6BF0 /* NavigationRepository.swift in Sources */ = {isa = PBXBuildFile; fileRef = FE71B26F24F1ACF3009F6BF0 /* NavigationRepository.swift */; };
		FE85F64D24F2A2A700414631 /* PhotosTableComponent.swift in Sources */ = {isa = PBXBuildFile; fileRef = FE85F64C24F2A2A700414631 /* PhotosTableComponent.swift */; };
		FE85F65124F2A2DF00414631 /* PhotosCollectionComponent.swift in Sources */ = {isa = PBXBuildFile; fileRef = FE85F65024F2A2DF00414631 /* PhotosCollectionComponent.swift */; };
		FE85F65324F2A2ED00414631 /* PhotosHeaderComponent.swift in Sources */ = {isa = PBXBuildFile; fileRef = FE85F65224F2A2ED00414631 /* PhotosHeaderComponent.swift */; };
		FE85F65624F2E73C00414631 /* ModalPhoto.storyboard in Resources */ = {isa = PBXBuildFile; fileRef = FE85F65524F2E73C00414631 /* ModalPhoto.storyboard */; };
		FE861B7124E6BC8C003DA5ED /* HeaderState.swift in Sources */ = {isa = PBXBuildFile; fileRef = FE861B7024E6BC8C003DA5ED /* HeaderState.swift */; };
		FE861B7324E6BE1F003DA5ED /* CacheManager.swift in Sources */ = {isa = PBXBuildFile; fileRef = FE861B7224E6BE1F003DA5ED /* CacheManager.swift */; };
		FE861B7524E6D02E003DA5ED /* TestUserPrefs.swift in Sources */ = {isa = PBXBuildFile; fileRef = FE861B7424E6D02E003DA5ED /* TestUserPrefs.swift */; };
		FE8B040C24CB2AD6002F180F /* MenuComponent.swift in Sources */ = {isa = PBXBuildFile; fileRef = FE8B040B24CB2AD6002F180F /* MenuComponent.swift */; };
		FE8DADA624E57032009F92F6 /* PhotosCollectionViewCell.swift in Sources */ = {isa = PBXBuildFile; fileRef = FE8DADA424E57032009F92F6 /* PhotosCollectionViewCell.swift */; };
		FE8DADA724E57032009F92F6 /* PhotosCollectionViewCell.xib in Resources */ = {isa = PBXBuildFile; fileRef = FE8DADA524E57032009F92F6 /* PhotosCollectionViewCell.xib */; };
		FE8DADA924E5759C009F92F6 /* data.json in Resources */ = {isa = PBXBuildFile; fileRef = FE8DADA824E5759B009F92F6 /* data.json */; };
		FEA1CB6124E84A710038DD9C /* Storage.swift in Sources */ = {isa = PBXBuildFile; fileRef = FEA1CB6024E84A710038DD9C /* Storage.swift */; };
		FEA1CB6424E869360038DD9C /* FamiliesRepository.swift in Sources */ = {isa = PBXBuildFile; fileRef = FEA1CB6324E869360038DD9C /* FamiliesRepository.swift */; };
		FEA1CB6624E870B40038DD9C /* PhotosToPrintRepository.swift in Sources */ = {isa = PBXBuildFile; fileRef = FEA1CB6524E870B40038DD9C /* PhotosToPrintRepository.swift */; };
		FEA3D14F24F6FE16004B7F7A /* ModalEvents.swift in Sources */ = {isa = PBXBuildFile; fileRef = FEA3D14E24F6FE16004B7F7A /* ModalEvents.swift */; };
		FEA3D15224F6FE3F004B7F7A /* ModalViewStates.swift in Sources */ = {isa = PBXBuildFile; fileRef = FEA3D15124F6FE3F004B7F7A /* ModalViewStates.swift */; };
		FEA3D15424F6FF9D004B7F7A /* ModalPresenter.swift in Sources */ = {isa = PBXBuildFile; fileRef = FEA3D15324F6FF9D004B7F7A /* ModalPresenter.swift */; };
		FEA3D15624F703AB004B7F7A /* ModalPresentersTests.swift in Sources */ = {isa = PBXBuildFile; fileRef = FEA3D15524F703AB004B7F7A /* ModalPresentersTests.swift */; };
		FEA57F3924DD8B8300A66871 /* Families.storyboard in Resources */ = {isa = PBXBuildFile; fileRef = FEA57F3824DD8B8300A66871 /* Families.storyboard */; };
		FEA57F3B24DD8BAE00A66871 /* FamiliesViewController.swift in Sources */ = {isa = PBXBuildFile; fileRef = FEA57F3A24DD8BAE00A66871 /* FamiliesViewController.swift */; };
		FEA57F3E24DD8E3500A66871 /* NavigationManager.swift in Sources */ = {isa = PBXBuildFile; fileRef = FEA57F3D24DD8E3500A66871 /* NavigationManager.swift */; };
		FEAB9B8024B2027000A5D178 /* AppDelegate.swift in Sources */ = {isa = PBXBuildFile; fileRef = FEAB9B7F24B2027000A5D178 /* AppDelegate.swift */; };
		FEAB9B8224B2027000A5D178 /* SceneDelegate.swift in Sources */ = {isa = PBXBuildFile; fileRef = FEAB9B8124B2027000A5D178 /* SceneDelegate.swift */; };
		FEAB9B8924B2027800A5D178 /* Assets.xcassets in Resources */ = {isa = PBXBuildFile; fileRef = FEAB9B8824B2027800A5D178 /* Assets.xcassets */; };
		FEAB9B8C24B2027800A5D178 /* LaunchScreen.storyboard in Resources */ = {isa = PBXBuildFile; fileRef = FEAB9B8A24B2027800A5D178 /* LaunchScreen.storyboard */; };
		FEAB9BA324B2033F00A5D178 /* Menu.storyboard in Resources */ = {isa = PBXBuildFile; fileRef = FEAB9BA224B2033F00A5D178 /* Menu.storyboard */; };
		FEAB9BA524B2041800A5D178 /* MenuViewController.swift in Sources */ = {isa = PBXBuildFile; fileRef = FEAB9BA424B2041800A5D178 /* MenuViewController.swift */; };
		FEAB9BAA24B2069200A5D178 /* Localizable.strings in Resources */ = {isa = PBXBuildFile; fileRef = FEAB9BA824B2069200A5D178 /* Localizable.strings */; };
		FEAB9BAF24B2075500A5D178 /* StringsExtensions.swift in Sources */ = {isa = PBXBuildFile; fileRef = FEAB9BAE24B2075500A5D178 /* StringsExtensions.swift */; };
		FEAB9BB124B2099200A5D178 /* Translations.swift in Sources */ = {isa = PBXBuildFile; fileRef = FEAB9BB024B2099200A5D178 /* Translations.swift */; };
		FEAB9BB424B26D3700A5D178 /* BasePresenter.swift in Sources */ = {isa = PBXBuildFile; fileRef = FEAB9BB324B26D3700A5D178 /* BasePresenter.swift */; };
		FEACB9FD24F2E80200F61689 /* ModalPhotoViewController.swift in Sources */ = {isa = PBXBuildFile; fileRef = FEACB9FC24F2E80200F61689 /* ModalPhotoViewController.swift */; };
		FEACB9FF24F3A38F00F61689 /* PageModal.storyboard in Resources */ = {isa = PBXBuildFile; fileRef = FEACB9FE24F3A38F00F61689 /* PageModal.storyboard */; };
		FEACBA0124F3A44200F61689 /* PageModalViewController.swift in Sources */ = {isa = PBXBuildFile; fileRef = FEACBA0024F3A44200F61689 /* PageModalViewController.swift */; };
		FEB3520824CB13ED0040313D /* IOC.swift in Sources */ = {isa = PBXBuildFile; fileRef = FEB3520724CB13ED0040313D /* IOC.swift */; };
		FEB3520E24CB17640040313D /* ButtonExtensions.swift in Sources */ = {isa = PBXBuildFile; fileRef = FEB3520D24CB17640040313D /* ButtonExtensions.swift */; };
		FEB3521024CB19620040313D /* BaseViewController.swift in Sources */ = {isa = PBXBuildFile; fileRef = FEB3520F24CB19620040313D /* BaseViewController.swift */; };
		FEB3521224CB199C0040313D /* UiComponent.swift in Sources */ = {isa = PBXBuildFile; fileRef = FEB3521124CB199C0040313D /* UiComponent.swift */; };
		FEB3521424CB20210040313D /* MenuPresenter.swift in Sources */ = {isa = PBXBuildFile; fileRef = FEB3521324CB20210040313D /* MenuPresenter.swift */; };
		FEB3521D24CB22F30040313D /* MenuPresenterTests.swift in Sources */ = {isa = PBXBuildFile; fileRef = FEB3521C24CB22F30040313D /* MenuPresenterTests.swift */; };
		FEEEEEDD24D6EF8600C9655B /* Navigation.storyboard in Resources */ = {isa = PBXBuildFile; fileRef = FEEEEEDC24D6EF8600C9655B /* Navigation.storyboard */; };
		FEEEEEDF24D6F02800C9655B /* NavigationViewController.swift in Sources */ = {isa = PBXBuildFile; fileRef = FEEEEEDE24D6F02800C9655B /* NavigationViewController.swift */; };
		FEF2855624EABC610043D28A /* ButterflyPhotoArraysExtensions.swift in Sources */ = {isa = PBXBuildFile; fileRef = FEF2855524EABC610043D28A /* ButterflyPhotoArraysExtensions.swift */; };
		FEFBA09024F244A200335E77 /* PhotosEvents.swift in Sources */ = {isa = PBXBuildFile; fileRef = FEFBA08F24F244A200335E77 /* PhotosEvents.swift */; };
		FEFBA09324F244E100335E77 /* PhotoViewStates.swift in Sources */ = {isa = PBXBuildFile; fileRef = FEFBA09224F244E100335E77 /* PhotoViewStates.swift */; };
		FEFBA09524F245CE00335E77 /* PhotosState.swift in Sources */ = {isa = PBXBuildFile; fileRef = FEFBA09424F245CE00335E77 /* PhotosState.swift */; };
		FEFBA09724F2472500335E77 /* PhotosPresenter.swift in Sources */ = {isa = PBXBuildFile; fileRef = FEFBA09624F2472500335E77 /* PhotosPresenter.swift */; };
		FEFBA09924F2479500335E77 /* PhotosRepository.swift in Sources */ = {isa = PBXBuildFile; fileRef = FEFBA09824F2479500335E77 /* PhotosRepository.swift */; };
		FEFBA09B24F296E600335E77 /* PhotosPresenterTests.swift in Sources */ = {isa = PBXBuildFile; fileRef = FEFBA09A24F296E600335E77 /* PhotosPresenterTests.swift */; };
		FEFBA09F24F29B4700335E77 /* PhotosViewController.swift in Sources */ = {isa = PBXBuildFile; fileRef = FEFBA09E24F29B4700335E77 /* PhotosViewController.swift */; };
		FEFBA0A124F29B5F00335E77 /* Photos.storyboard in Resources */ = {isa = PBXBuildFile; fileRef = FEFBA0A024F29B5F00335E77 /* Photos.storyboard */; };
/* End PBXBuildFile section */

/* Begin PBXContainerItemProxy section */
		FEAB9B9324B2027800A5D178 /* PBXContainerItemProxy */ = {
			isa = PBXContainerItemProxy;
			containerPortal = FEAB9B7424B2027000A5D178 /* Project object */;
			proxyType = 1;
			remoteGlobalIDString = FEAB9B7B24B2027000A5D178;
			remoteInfo = ButterfliesOfGreece;
		};
/* End PBXContainerItemProxy section */

/* Begin PBXFileReference section */
		0A25982324ED957D003893FA /* ButterflyPhotoExtensionTests.swift */ = {isa = PBXFileReference; lastKnownFileType = sourcecode.swift; path = ButterflyPhotoExtensionTests.swift; sourceTree = "<group>"; };
		0A25982624EDBC5D003893FA /* SpeciesPresenter.swift */ = {isa = PBXFileReference; lastKnownFileType = sourcecode.swift; path = SpeciesPresenter.swift; sourceTree = "<group>"; };
		0A25982824EDBC67003893FA /* SpeciesState.swift */ = {isa = PBXFileReference; lastKnownFileType = sourcecode.swift; path = SpeciesState.swift; sourceTree = "<group>"; };
		0A25982B24EDBCB2003893FA /* SpeciesEvents.swift */ = {isa = PBXFileReference; lastKnownFileType = sourcecode.swift; path = SpeciesEvents.swift; sourceTree = "<group>"; };
		0A25982E24EDBD55003893FA /* SpeciesViewStates.swift */ = {isa = PBXFileReference; lastKnownFileType = sourcecode.swift; path = SpeciesViewStates.swift; sourceTree = "<group>"; };
		0A25983024EDBDDB003893FA /* SpeciesRepository.swift */ = {isa = PBXFileReference; lastKnownFileType = sourcecode.swift; path = SpeciesRepository.swift; sourceTree = "<group>"; };
		0A25983224EDC176003893FA /* SpeciesPresenterTests.swift */ = {isa = PBXFileReference; lastKnownFileType = sourcecode.swift; path = SpeciesPresenterTests.swift; sourceTree = "<group>"; };
		0A7351DD24EE681100E2712D /* Species.storyboard */ = {isa = PBXFileReference; lastKnownFileType = file.storyboard; path = Species.storyboard; sourceTree = "<group>"; };
		0A7351DF24EE68C600E2712D /* SpeciesViewController.swift */ = {isa = PBXFileReference; lastKnownFileType = sourcecode.swift; path = SpeciesViewController.swift; sourceTree = "<group>"; };
		0A7351E224EEA29400E2712D /* SpeciesTableComponent.swift */ = {isa = PBXFileReference; lastKnownFileType = sourcecode.swift; path = SpeciesTableComponent.swift; sourceTree = "<group>"; };
		0A7351E424EEA2A000E2712D /* SpeciesCollectionComponent.swift */ = {isa = PBXFileReference; lastKnownFileType = sourcecode.swift; path = SpeciesCollectionComponent.swift; sourceTree = "<group>"; };
		0A7351E624EEA2B400E2712D /* SpeciesHeaderComponent.swift */ = {isa = PBXFileReference; lastKnownFileType = sourcecode.swift; path = SpeciesHeaderComponent.swift; sourceTree = "<group>"; };
		0AC7BAFE24CF01CE000908B9 /* UiEvents.swift */ = {isa = PBXFileReference; lastKnownFileType = sourcecode.swift; path = UiEvents.swift; sourceTree = "<group>"; };
		0AC7BB0124CF0251000908B9 /* ViewStates.swift */ = {isa = PBXFileReference; lastKnownFileType = sourcecode.swift; path = ViewStates.swift; sourceTree = "<group>"; };
		0BB0DAA865F5B9DD6E51EFDD /* Pods-ButterfliesOfGreece.debug.xcconfig */ = {isa = PBXFileReference; includeInIndex = 1; lastKnownFileType = text.xcconfig; name = "Pods-ButterfliesOfGreece.debug.xcconfig"; path = "Target Support Files/Pods-ButterfliesOfGreece/Pods-ButterfliesOfGreece.debug.xcconfig"; sourceTree = "<group>"; };
		3B6076E8437DA77554B6B536 /* Pods-ButterfliesOfGreece.release.xcconfig */ = {isa = PBXFileReference; includeInIndex = 1; lastKnownFileType = text.xcconfig; name = "Pods-ButterfliesOfGreece.release.xcconfig"; path = "Target Support Files/Pods-ButterfliesOfGreece/Pods-ButterfliesOfGreece.release.xcconfig"; sourceTree = "<group>"; };
		62873FDF24A63BF08ACE5A39 /* libPods-ButterfliesOfGreeceTests.a */ = {isa = PBXFileReference; explicitFileType = archive.ar; includeInIndex = 0; path = "libPods-ButterfliesOfGreeceTests.a"; sourceTree = BUILT_PRODUCTS_DIR; };
		9F6073BB6689962BD678E999 /* Pods-ButterfliesOfGreeceTests.release.xcconfig */ = {isa = PBXFileReference; includeInIndex = 1; lastKnownFileType = text.xcconfig; name = "Pods-ButterfliesOfGreeceTests.release.xcconfig"; path = "Target Support Files/Pods-ButterfliesOfGreeceTests/Pods-ButterfliesOfGreeceTests.release.xcconfig"; sourceTree = "<group>"; };
		9F8CEBE0B2C512BF4BF81547 /* Pods-ButterfliesOfGreeceTests.debug.xcconfig */ = {isa = PBXFileReference; includeInIndex = 1; lastKnownFileType = text.xcconfig; name = "Pods-ButterfliesOfGreeceTests.debug.xcconfig"; path = "Target Support Files/Pods-ButterfliesOfGreeceTests/Pods-ButterfliesOfGreeceTests.debug.xcconfig"; sourceTree = "<group>"; };
		A5F0C8F7E4985A676B8CE1D8 /* Pods_ButterfliesOfGreece.framework */ = {isa = PBXFileReference; explicitFileType = wrapper.framework; includeInIndex = 0; path = Pods_ButterfliesOfGreece.framework; sourceTree = BUILT_PRODUCTS_DIR; };
		FE10425024D4B7230075D027 /* Constants.swift */ = {isa = PBXFileReference; lastKnownFileType = sourcecode.swift; path = Constants.swift; sourceTree = "<group>"; };
		FE10425224D4B7ED0075D027 /* ColorsExtension.swift */ = {isa = PBXFileReference; lastKnownFileType = sourcecode.swift; path = ColorsExtension.swift; sourceTree = "<group>"; };
		FE10425824D5AB030075D027 /* Family.swift */ = {isa = PBXFileReference; lastKnownFileType = sourcecode.swift; path = Family.swift; sourceTree = "<group>"; };
		FE10425A24D5AB920075D027 /* Specie.swift */ = {isa = PBXFileReference; lastKnownFileType = sourcecode.swift; path = Specie.swift; sourceTree = "<group>"; };
		FE10425C24D5ABD20075D027 /* ButterflyPhoto.swift */ = {isa = PBXFileReference; lastKnownFileType = sourcecode.swift; path = ButterflyPhoto.swift; sourceTree = "<group>"; };
		FE13419E24E326190076EF14 /* PhotosTableSource.swift */ = {isa = PBXFileReference; lastKnownFileType = sourcecode.swift; path = PhotosTableSource.swift; sourceTree = "<group>"; };
		FE1341A024E3263A0076EF14 /* PhotosTableViewCell.swift */ = {isa = PBXFileReference; lastKnownFileType = sourcecode.swift; path = PhotosTableViewCell.swift; sourceTree = "<group>"; };
		FE1341A124E3263A0076EF14 /* PhotosTableViewCell.xib */ = {isa = PBXFileReference; lastKnownFileType = file.xib; path = PhotosTableViewCell.xib; sourceTree = "<group>"; };
		FE1341A524E326880076EF14 /* PhotosCollectionView.swift */ = {isa = PBXFileReference; lastKnownFileType = sourcecode.swift; path = PhotosCollectionView.swift; sourceTree = "<group>"; };
		FE1341A724E326960076EF14 /* PhotosCollectionView.xib */ = {isa = PBXFileReference; lastKnownFileType = file.xib; path = PhotosCollectionView.xib; sourceTree = "<group>"; };
		FE1341AA24E327AD0076EF14 /* PhotosCollectionSource.swift */ = {isa = PBXFileReference; lastKnownFileType = sourcecode.swift; path = PhotosCollectionSource.swift; sourceTree = "<group>"; };
		FE1341AF24E32A8F0076EF14 /* HeaderView.swift */ = {isa = PBXFileReference; lastKnownFileType = sourcecode.swift; path = HeaderView.swift; sourceTree = "<group>"; };
		FE1341B124E32A9C0076EF14 /* HeaderView.xib */ = {isa = PBXFileReference; lastKnownFileType = file.xib; path = HeaderView.xib; sourceTree = "<group>"; };
		FE1341B324E32B340076EF14 /* FamiliesCollectionComponent.swift */ = {isa = PBXFileReference; lastKnownFileType = sourcecode.swift; path = FamiliesCollectionComponent.swift; sourceTree = "<group>"; };
		FE1341B524E32E6F0076EF14 /* FamiliesHeaderComponent.swift */ = {isa = PBXFileReference; lastKnownFileType = sourcecode.swift; path = FamiliesHeaderComponent.swift; sourceTree = "<group>"; };
		FE1FBE9024CB1121008D0EA1 /* BackgroundThreadScheduler.swift */ = {isa = PBXFileReference; lastKnownFileType = sourcecode.swift; path = BackgroundThreadScheduler.swift; sourceTree = "<group>"; };
		FE1FBE9224CB11A8008D0EA1 /* MainThreadScheduler.swift */ = {isa = PBXFileReference; lastKnownFileType = sourcecode.swift; path = MainThreadScheduler.swift; sourceTree = "<group>"; };
		FE389B3924CF68A300F47717 /* MenuUiEvents.swift */ = {isa = PBXFileReference; lastKnownFileType = sourcecode.swift; path = MenuUiEvents.swift; sourceTree = "<group>"; };
		FE389B3C24CF68CB00F47717 /* MenuViewStates.swift */ = {isa = PBXFileReference; lastKnownFileType = sourcecode.swift; path = MenuViewStates.swift; sourceTree = "<group>"; };
		FE389B3E24CF68F400F47717 /* FamiliesPresenter.swift */ = {isa = PBXFileReference; lastKnownFileType = sourcecode.swift; path = FamiliesPresenter.swift; sourceTree = "<group>"; };
		FE389B4124CF699A00F47717 /* FamiliesEvents.swift */ = {isa = PBXFileReference; lastKnownFileType = sourcecode.swift; path = FamiliesEvents.swift; sourceTree = "<group>"; };
		FE389B4424CF6A6D00F47717 /* FamiliesViewStates.swift */ = {isa = PBXFileReference; lastKnownFileType = sourcecode.swift; path = FamiliesViewStates.swift; sourceTree = "<group>"; };
		FE389B4624CF707900F47717 /* FamiliesPresenterTests.swift */ = {isa = PBXFileReference; lastKnownFileType = sourcecode.swift; path = FamiliesPresenterTests.swift; sourceTree = "<group>"; };
		FE389B4824CF70BD00F47717 /* TestSchedulers.swift */ = {isa = PBXFileReference; lastKnownFileType = sourcecode.swift; path = TestSchedulers.swift; sourceTree = "<group>"; };
		FE5327AF24E02AD000BA4AF5 /* ImageExtensions.swift */ = {isa = PBXFileReference; lastKnownFileType = sourcecode.swift; path = ImageExtensions.swift; sourceTree = "<group>"; };
		FE5327B224E039BE00BA4AF5 /* ACTypoGrotesk.ttf */ = {isa = PBXFileReference; lastKnownFileType = file; path = ACTypoGrotesk.ttf; sourceTree = "<group>"; };
		FE5327B424E03B9200BA4AF5 /* FonstExtensions.swift */ = {isa = PBXFileReference; lastKnownFileType = sourcecode.swift; path = FonstExtensions.swift; sourceTree = "<group>"; };
		FE5327B624E178D500BA4AF5 /* FamiliesState.swift */ = {isa = PBXFileReference; lastKnownFileType = sourcecode.swift; path = FamiliesState.swift; sourceTree = "<group>"; };
		FE5327B924E1DDE900BA4AF5 /* FamiliesTableComponent.swift */ = {isa = PBXFileReference; lastKnownFileType = sourcecode.swift; path = FamiliesTableComponent.swift; sourceTree = "<group>"; };
		FE5327BE24E30D7800BA4AF5 /* PhotosTableView.swift */ = {isa = PBXFileReference; lastKnownFileType = sourcecode.swift; path = PhotosTableView.swift; sourceTree = "<group>"; };
		FE5327C024E30D8B00BA4AF5 /* PhotosTableView.xib */ = {isa = PBXFileReference; lastKnownFileType = file.xib; path = PhotosTableView.xib; sourceTree = "<group>"; };
		FE6952E824E59B6400A844A2 /* HeaderViewEvents.swift */ = {isa = PBXFileReference; lastKnownFileType = sourcecode.swift; path = HeaderViewEvents.swift; sourceTree = "<group>"; };
		FE6952EB24E5C5A900A844A2 /* HeaderViewViewStates.swift */ = {isa = PBXFileReference; lastKnownFileType = sourcecode.swift; path = HeaderViewViewStates.swift; sourceTree = "<group>"; };
		FE71B26F24F1ACF3009F6BF0 /* NavigationRepository.swift */ = {isa = PBXFileReference; lastKnownFileType = sourcecode.swift; path = NavigationRepository.swift; sourceTree = "<group>"; };
		FE85F64C24F2A2A700414631 /* PhotosTableComponent.swift */ = {isa = PBXFileReference; lastKnownFileType = sourcecode.swift; path = PhotosTableComponent.swift; sourceTree = "<group>"; };
		FE85F65024F2A2DF00414631 /* PhotosCollectionComponent.swift */ = {isa = PBXFileReference; lastKnownFileType = sourcecode.swift; path = PhotosCollectionComponent.swift; sourceTree = "<group>"; };
		FE85F65224F2A2ED00414631 /* PhotosHeaderComponent.swift */ = {isa = PBXFileReference; lastKnownFileType = sourcecode.swift; path = PhotosHeaderComponent.swift; sourceTree = "<group>"; };
		FE85F65524F2E73C00414631 /* ModalPhoto.storyboard */ = {isa = PBXFileReference; lastKnownFileType = file.storyboard; path = ModalPhoto.storyboard; sourceTree = "<group>"; };
		FE861B7024E6BC8C003DA5ED /* HeaderState.swift */ = {isa = PBXFileReference; lastKnownFileType = sourcecode.swift; path = HeaderState.swift; sourceTree = "<group>"; };
		FE861B7224E6BE1F003DA5ED /* CacheManager.swift */ = {isa = PBXFileReference; lastKnownFileType = sourcecode.swift; path = CacheManager.swift; sourceTree = "<group>"; };
		FE861B7424E6D02E003DA5ED /* TestUserPrefs.swift */ = {isa = PBXFileReference; lastKnownFileType = sourcecode.swift; path = TestUserPrefs.swift; sourceTree = "<group>"; };
		FE8B040924CB2919002F180F /* ButterfliesOfGreeceTests.xctestplan */ = {isa = PBXFileReference; lastKnownFileType = text; path = ButterfliesOfGreeceTests.xctestplan; sourceTree = "<group>"; };
		FE8B040B24CB2AD6002F180F /* MenuComponent.swift */ = {isa = PBXFileReference; lastKnownFileType = sourcecode.swift; path = MenuComponent.swift; sourceTree = "<group>"; };
		FE8DADA424E57032009F92F6 /* PhotosCollectionViewCell.swift */ = {isa = PBXFileReference; lastKnownFileType = sourcecode.swift; path = PhotosCollectionViewCell.swift; sourceTree = "<group>"; };
		FE8DADA524E57032009F92F6 /* PhotosCollectionViewCell.xib */ = {isa = PBXFileReference; lastKnownFileType = file.xib; path = PhotosCollectionViewCell.xib; sourceTree = "<group>"; };
		FE8DADA824E5759B009F92F6 /* data.json */ = {isa = PBXFileReference; fileEncoding = 4; lastKnownFileType = text.json; path = data.json; sourceTree = "<group>"; };
		FEA1CB6024E84A710038DD9C /* Storage.swift */ = {isa = PBXFileReference; lastKnownFileType = sourcecode.swift; path = Storage.swift; sourceTree = "<group>"; };
		FEA1CB6324E869360038DD9C /* FamiliesRepository.swift */ = {isa = PBXFileReference; lastKnownFileType = sourcecode.swift; path = FamiliesRepository.swift; sourceTree = "<group>"; };
		FEA1CB6524E870B40038DD9C /* PhotosToPrintRepository.swift */ = {isa = PBXFileReference; lastKnownFileType = sourcecode.swift; path = PhotosToPrintRepository.swift; sourceTree = "<group>"; };
		FEA3D14E24F6FE16004B7F7A /* ModalEvents.swift */ = {isa = PBXFileReference; lastKnownFileType = sourcecode.swift; path = ModalEvents.swift; sourceTree = "<group>"; };
		FEA3D15124F6FE3F004B7F7A /* ModalViewStates.swift */ = {isa = PBXFileReference; lastKnownFileType = sourcecode.swift; path = ModalViewStates.swift; sourceTree = "<group>"; };
		FEA3D15324F6FF9D004B7F7A /* ModalPresenter.swift */ = {isa = PBXFileReference; lastKnownFileType = sourcecode.swift; path = ModalPresenter.swift; sourceTree = "<group>"; };
		FEA3D15524F703AB004B7F7A /* ModalPresentersTests.swift */ = {isa = PBXFileReference; lastKnownFileType = sourcecode.swift; path = ModalPresentersTests.swift; sourceTree = "<group>"; };
		FEA57F3824DD8B8300A66871 /* Families.storyboard */ = {isa = PBXFileReference; lastKnownFileType = file.storyboard; path = Families.storyboard; sourceTree = "<group>"; };
		FEA57F3A24DD8BAE00A66871 /* FamiliesViewController.swift */ = {isa = PBXFileReference; lastKnownFileType = sourcecode.swift; path = FamiliesViewController.swift; sourceTree = "<group>"; };
		FEA57F3D24DD8E3500A66871 /* NavigationManager.swift */ = {isa = PBXFileReference; lastKnownFileType = sourcecode.swift; path = NavigationManager.swift; sourceTree = "<group>"; };
		FEAB9B7C24B2027000A5D178 /* ButterfliesOfGreece.app */ = {isa = PBXFileReference; explicitFileType = wrapper.application; includeInIndex = 0; path = ButterfliesOfGreece.app; sourceTree = BUILT_PRODUCTS_DIR; };
		FEAB9B7F24B2027000A5D178 /* AppDelegate.swift */ = {isa = PBXFileReference; lastKnownFileType = sourcecode.swift; path = AppDelegate.swift; sourceTree = "<group>"; };
		FEAB9B8124B2027000A5D178 /* SceneDelegate.swift */ = {isa = PBXFileReference; lastKnownFileType = sourcecode.swift; path = SceneDelegate.swift; sourceTree = "<group>"; };
		FEAB9B8824B2027800A5D178 /* Assets.xcassets */ = {isa = PBXFileReference; lastKnownFileType = folder.assetcatalog; path = Assets.xcassets; sourceTree = "<group>"; };
		FEAB9B8B24B2027800A5D178 /* Base */ = {isa = PBXFileReference; lastKnownFileType = file.storyboard; name = Base; path = Base.lproj/LaunchScreen.storyboard; sourceTree = "<group>"; };
		FEAB9B8D24B2027800A5D178 /* Info.plist */ = {isa = PBXFileReference; lastKnownFileType = text.plist.xml; path = Info.plist; sourceTree = "<group>"; };
		FEAB9B9224B2027800A5D178 /* ButterfliesOfGreeceTests.xctest */ = {isa = PBXFileReference; explicitFileType = wrapper.cfbundle; includeInIndex = 0; path = ButterfliesOfGreeceTests.xctest; sourceTree = BUILT_PRODUCTS_DIR; };
		FEAB9B9824B2027800A5D178 /* Info.plist */ = {isa = PBXFileReference; lastKnownFileType = text.plist.xml; path = Info.plist; sourceTree = "<group>"; };
		FEAB9BA224B2033F00A5D178 /* Menu.storyboard */ = {isa = PBXFileReference; lastKnownFileType = file.storyboard; path = Menu.storyboard; sourceTree = "<group>"; };
		FEAB9BA424B2041800A5D178 /* MenuViewController.swift */ = {isa = PBXFileReference; lastKnownFileType = sourcecode.swift; path = MenuViewController.swift; sourceTree = "<group>"; };
		FEAB9BA724B205B800A5D178 /* el */ = {isa = PBXFileReference; lastKnownFileType = text.plist.strings; name = el; path = el.lproj/LaunchScreen.strings; sourceTree = "<group>"; };
		FEAB9BA924B2069200A5D178 /* Base */ = {isa = PBXFileReference; lastKnownFileType = text.plist.strings; name = Base; path = Base.lproj/Localizable.strings; sourceTree = "<group>"; };
		FEAB9BAC24B206AF00A5D178 /* el */ = {isa = PBXFileReference; lastKnownFileType = text.plist.strings; name = el; path = el.lproj/Localizable.strings; sourceTree = "<group>"; };
		FEAB9BAE24B2075500A5D178 /* StringsExtensions.swift */ = {isa = PBXFileReference; lastKnownFileType = sourcecode.swift; path = StringsExtensions.swift; sourceTree = "<group>"; };
		FEAB9BB024B2099200A5D178 /* Translations.swift */ = {isa = PBXFileReference; lastKnownFileType = sourcecode.swift; path = Translations.swift; sourceTree = "<group>"; };
		FEAB9BB324B26D3700A5D178 /* BasePresenter.swift */ = {isa = PBXFileReference; lastKnownFileType = sourcecode.swift; path = BasePresenter.swift; sourceTree = "<group>"; };
		FEACB9FC24F2E80200F61689 /* ModalPhotoViewController.swift */ = {isa = PBXFileReference; lastKnownFileType = sourcecode.swift; path = ModalPhotoViewController.swift; sourceTree = "<group>"; };
		FEACB9FE24F3A38F00F61689 /* PageModal.storyboard */ = {isa = PBXFileReference; lastKnownFileType = file.storyboard; path = PageModal.storyboard; sourceTree = "<group>"; };
		FEACBA0024F3A44200F61689 /* PageModalViewController.swift */ = {isa = PBXFileReference; lastKnownFileType = sourcecode.swift; path = PageModalViewController.swift; sourceTree = "<group>"; };
		FEB3520724CB13ED0040313D /* IOC.swift */ = {isa = PBXFileReference; lastKnownFileType = sourcecode.swift; path = IOC.swift; sourceTree = "<group>"; };
		FEB3520D24CB17640040313D /* ButtonExtensions.swift */ = {isa = PBXFileReference; lastKnownFileType = sourcecode.swift; path = ButtonExtensions.swift; sourceTree = "<group>"; };
		FEB3520F24CB19620040313D /* BaseViewController.swift */ = {isa = PBXFileReference; lastKnownFileType = sourcecode.swift; path = BaseViewController.swift; sourceTree = "<group>"; };
		FEB3521124CB199C0040313D /* UiComponent.swift */ = {isa = PBXFileReference; lastKnownFileType = sourcecode.swift; path = UiComponent.swift; sourceTree = "<group>"; };
		FEB3521324CB20210040313D /* MenuPresenter.swift */ = {isa = PBXFileReference; lastKnownFileType = sourcecode.swift; path = MenuPresenter.swift; sourceTree = "<group>"; };
		FEB3521B24CB22F30040313D /* ButterfliesOfGreeceTests-Bridging-Header.h */ = {isa = PBXFileReference; lastKnownFileType = sourcecode.c.h; path = "ButterfliesOfGreeceTests-Bridging-Header.h"; sourceTree = "<group>"; };
		FEB3521C24CB22F30040313D /* MenuPresenterTests.swift */ = {isa = PBXFileReference; lastKnownFileType = sourcecode.swift; path = MenuPresenterTests.swift; sourceTree = "<group>"; };
		FEEEEEDC24D6EF8600C9655B /* Navigation.storyboard */ = {isa = PBXFileReference; lastKnownFileType = file.storyboard; path = Navigation.storyboard; sourceTree = "<group>"; };
		FEEEEEDE24D6F02800C9655B /* NavigationViewController.swift */ = {isa = PBXFileReference; lastKnownFileType = sourcecode.swift; path = NavigationViewController.swift; sourceTree = "<group>"; };
		FEF2855524EABC610043D28A /* ButterflyPhotoArraysExtensions.swift */ = {isa = PBXFileReference; lastKnownFileType = sourcecode.swift; path = ButterflyPhotoArraysExtensions.swift; sourceTree = "<group>"; };
		FEFBA08F24F244A200335E77 /* PhotosEvents.swift */ = {isa = PBXFileReference; lastKnownFileType = sourcecode.swift; path = PhotosEvents.swift; sourceTree = "<group>"; };
		FEFBA09224F244E100335E77 /* PhotoViewStates.swift */ = {isa = PBXFileReference; lastKnownFileType = sourcecode.swift; path = PhotoViewStates.swift; sourceTree = "<group>"; };
		FEFBA09424F245CE00335E77 /* PhotosState.swift */ = {isa = PBXFileReference; lastKnownFileType = sourcecode.swift; path = PhotosState.swift; sourceTree = "<group>"; };
		FEFBA09624F2472500335E77 /* PhotosPresenter.swift */ = {isa = PBXFileReference; lastKnownFileType = sourcecode.swift; path = PhotosPresenter.swift; sourceTree = "<group>"; };
		FEFBA09824F2479500335E77 /* PhotosRepository.swift */ = {isa = PBXFileReference; lastKnownFileType = sourcecode.swift; path = PhotosRepository.swift; sourceTree = "<group>"; };
		FEFBA09A24F296E600335E77 /* PhotosPresenterTests.swift */ = {isa = PBXFileReference; lastKnownFileType = sourcecode.swift; path = PhotosPresenterTests.swift; sourceTree = "<group>"; };
		FEFBA09E24F29B4700335E77 /* PhotosViewController.swift */ = {isa = PBXFileReference; lastKnownFileType = sourcecode.swift; path = PhotosViewController.swift; sourceTree = "<group>"; };
		FEFBA0A024F29B5F00335E77 /* Photos.storyboard */ = {isa = PBXFileReference; lastKnownFileType = file.storyboard; path = Photos.storyboard; sourceTree = "<group>"; };
/* End PBXFileReference section */

/* Begin PBXFrameworksBuildPhase section */
		FEAB9B7924B2027000A5D178 /* Frameworks */ = {
			isa = PBXFrameworksBuildPhase;
			buildActionMask = 2147483647;
			files = (
				CFC3C409C37A2FC6E05D147D /* Pods_ButterfliesOfGreece.framework in Frameworks */,
			);
			runOnlyForDeploymentPostprocessing = 0;
		};
		FEAB9B8F24B2027800A5D178 /* Frameworks */ = {
			isa = PBXFrameworksBuildPhase;
			buildActionMask = 2147483647;
			files = (
				9547548019A5D17BEEC94846 /* libPods-ButterfliesOfGreeceTests.a in Frameworks */,
			);
			runOnlyForDeploymentPostprocessing = 0;
		};
/* End PBXFrameworksBuildPhase section */

/* Begin PBXGroup section */
		0A25982124ED954D003893FA /* PresentersTests */ = {
			isa = PBXGroup;
			children = (
				FEB3521C24CB22F30040313D /* MenuPresenterTests.swift */,
				FE389B4624CF707900F47717 /* FamiliesPresenterTests.swift */,
				0A25983224EDC176003893FA /* SpeciesPresenterTests.swift */,
				FEFBA09A24F296E600335E77 /* PhotosPresenterTests.swift */,
				FEA3D15524F703AB004B7F7A /* ModalPresentersTests.swift */,
			);
			path = PresentersTests;
			sourceTree = "<group>";
		};
		0A25982224ED955E003893FA /* ExtensionTests */ = {
			isa = PBXGroup;
			children = (
				0A25982324ED957D003893FA /* ButterflyPhotoExtensionTests.swift */,
			);
			path = ExtensionTests;
			sourceTree = "<group>";
		};
		0A25982524EDA917003893FA /* SpeciesViewController */ = {
			isa = PBXGroup;
			children = (
				0A7351E124EE694700E2712D /* Components */,
				0A25982D24EDBCE1003893FA /* ViewState */,
				0A25982A24EDBCA1003893FA /* UiEvents */,
				0A25982624EDBC5D003893FA /* SpeciesPresenter.swift */,
				0A25982824EDBC67003893FA /* SpeciesState.swift */,
				0A7351DD24EE681100E2712D /* Species.storyboard */,
				0A7351DF24EE68C600E2712D /* SpeciesViewController.swift */,
			);
			path = SpeciesViewController;
			sourceTree = "<group>";
		};
		0A25982A24EDBCA1003893FA /* UiEvents */ = {
			isa = PBXGroup;
			children = (
				0A25982B24EDBCB2003893FA /* SpeciesEvents.swift */,
			);
			path = UiEvents;
			sourceTree = "<group>";
		};
		0A25982D24EDBCE1003893FA /* ViewState */ = {
			isa = PBXGroup;
			children = (
				0A25982E24EDBD55003893FA /* SpeciesViewStates.swift */,
			);
			path = ViewState;
			sourceTree = "<group>";
		};
		0A7351E124EE694700E2712D /* Components */ = {
			isa = PBXGroup;
			children = (
				0A7351E224EEA29400E2712D /* SpeciesTableComponent.swift */,
				0A7351E424EEA2A000E2712D /* SpeciesCollectionComponent.swift */,
				0A7351E624EEA2B400E2712D /* SpeciesHeaderComponent.swift */,
			);
			path = Components;
			sourceTree = "<group>";
		};
		0AC7BAFD24CF012E000908B9 /* Events */ = {
			isa = PBXGroup;
			children = (
				0AC7BAFE24CF01CE000908B9 /* UiEvents.swift */,
			);
			path = Events;
			sourceTree = "<group>";
		};
		0AC7BB0024CF0246000908B9 /* States */ = {
			isa = PBXGroup;
			children = (
				0AC7BB0124CF0251000908B9 /* ViewStates.swift */,
			);
			path = States;
			sourceTree = "<group>";
		};
		809AF22E013484F40A66D5A4 /* Frameworks */ = {
			isa = PBXGroup;
			children = (
				A5F0C8F7E4985A676B8CE1D8 /* Pods_ButterfliesOfGreece.framework */,
				62873FDF24A63BF08ACE5A39 /* libPods-ButterfliesOfGreeceTests.a */,
			);
			name = Frameworks;
			sourceTree = "<group>";
		};
		C98AD50B5ADE41BADF4A7E43 /* Pods */ = {
			isa = PBXGroup;
			children = (
				0BB0DAA865F5B9DD6E51EFDD /* Pods-ButterfliesOfGreece.debug.xcconfig */,
				3B6076E8437DA77554B6B536 /* Pods-ButterfliesOfGreece.release.xcconfig */,
				9F8CEBE0B2C512BF4BF81547 /* Pods-ButterfliesOfGreeceTests.debug.xcconfig */,
				9F6073BB6689962BD678E999 /* Pods-ButterfliesOfGreeceTests.release.xcconfig */,
			);
			path = Pods;
			sourceTree = "<group>";
		};
		FE10425424D5A6130075D027 /* Data */ = {
			isa = PBXGroup;
			children = (
				FE8DADA824E5759B009F92F6 /* data.json */,
				FE5327B124E039AC00BA4AF5 /* Fonts */,
				FEA1CB6024E84A710038DD9C /* Storage.swift */,
			);
			path = Data;
			sourceTree = "<group>";
		};
		FE10425724D5AAF10075D027 /* DTO */ = {
			isa = PBXGroup;
			children = (
				FE10425824D5AB030075D027 /* Family.swift */,
				FE10425A24D5AB920075D027 /* Specie.swift */,
				FE10425C24D5ABD20075D027 /* ButterflyPhoto.swift */,
			);
			path = DTO;
			sourceTree = "<group>";
		};
		FE13419D24E325F90076EF14 /* Table */ = {
			isa = PBXGroup;
			children = (
				FE13419E24E326190076EF14 /* PhotosTableSource.swift */,
				FE1341A024E3263A0076EF14 /* PhotosTableViewCell.swift */,
				FE1341A124E3263A0076EF14 /* PhotosTableViewCell.xib */,
			);
			path = Table;
			sourceTree = "<group>";
		};
		FE1341A424E326660076EF14 /* PhotosCollectionView */ = {
			isa = PBXGroup;
			children = (
				FE1341A924E327980076EF14 /* Table */,
				FE1341A524E326880076EF14 /* PhotosCollectionView.swift */,
				FE1341A724E326960076EF14 /* PhotosCollectionView.xib */,
			);
			path = PhotosCollectionView;
			sourceTree = "<group>";
		};
		FE1341A924E327980076EF14 /* Table */ = {
			isa = PBXGroup;
			children = (
				FE1341AA24E327AD0076EF14 /* PhotosCollectionSource.swift */,
				FE8DADA424E57032009F92F6 /* PhotosCollectionViewCell.swift */,
				FE8DADA524E57032009F92F6 /* PhotosCollectionViewCell.xib */,
			);
			path = Table;
			sourceTree = "<group>";
		};
		FE1341AE24E32A6E0076EF14 /* HeaderView */ = {
			isa = PBXGroup;
			children = (
				FE6952EA24E5C58D00A844A2 /* ViewStates */,
				FE6952E724E59B4B00A844A2 /* UiEvents */,
				FE1341AF24E32A8F0076EF14 /* HeaderView.swift */,
				FE1341B124E32A9C0076EF14 /* HeaderView.xib */,
				FE861B7024E6BC8C003DA5ED /* HeaderState.swift */,
			);
			path = HeaderView;
			sourceTree = "<group>";
		};
		FE1FBE8F24CB110B008D0EA1 /* Schedulers */ = {
			isa = PBXGroup;
			children = (
				FE1FBE9024CB1121008D0EA1 /* BackgroundThreadScheduler.swift */,
				FE1FBE9224CB11A8008D0EA1 /* MainThreadScheduler.swift */,
			);
			path = Schedulers;
			sourceTree = "<group>";
		};
		FE389B3724CF686900F47717 /* FamiliesViewController */ = {
			isa = PBXGroup;
			children = (
				FE5327B824E1DD9900BA4AF5 /* Components */,
				FE389B4324CF6A5D00F47717 /* ViewStates */,
				FE389B4024CF698400F47717 /* UiEvents */,
				FE389B3E24CF68F400F47717 /* FamiliesPresenter.swift */,
				FEA57F3824DD8B8300A66871 /* Families.storyboard */,
				FEA57F3A24DD8BAE00A66871 /* FamiliesViewController.swift */,
				FE5327B624E178D500BA4AF5 /* FamiliesState.swift */,
			);
			path = FamiliesViewController;
			sourceTree = "<group>";
		};
		FE389B3824CF688E00F47717 /* UiEvents */ = {
			isa = PBXGroup;
			children = (
				FE389B3924CF68A300F47717 /* MenuUiEvents.swift */,
			);
			path = UiEvents;
			sourceTree = "<group>";
		};
		FE389B3B24CF68B400F47717 /* ViewStates */ = {
			isa = PBXGroup;
			children = (
				FE389B3C24CF68CB00F47717 /* MenuViewStates.swift */,
			);
			path = ViewStates;
			sourceTree = "<group>";
		};
		FE389B4024CF698400F47717 /* UiEvents */ = {
			isa = PBXGroup;
			children = (
				FE389B4124CF699A00F47717 /* FamiliesEvents.swift */,
			);
			path = UiEvents;
			sourceTree = "<group>";
		};
		FE389B4324CF6A5D00F47717 /* ViewStates */ = {
			isa = PBXGroup;
			children = (
				FE389B4424CF6A6D00F47717 /* FamiliesViewStates.swift */,
			);
			path = ViewStates;
			sourceTree = "<group>";
		};
		FE5327B124E039AC00BA4AF5 /* Fonts */ = {
			isa = PBXGroup;
			children = (
				FE5327B224E039BE00BA4AF5 /* ACTypoGrotesk.ttf */,
			);
			path = Fonts;
			sourceTree = "<group>";
		};
		FE5327B824E1DD9900BA4AF5 /* Components */ = {
			isa = PBXGroup;
			children = (
				FE5327B924E1DDE900BA4AF5 /* FamiliesTableComponent.swift */,
				FE1341B324E32B340076EF14 /* FamiliesCollectionComponent.swift */,
				FE1341B524E32E6F0076EF14 /* FamiliesHeaderComponent.swift */,
			);
			path = Components;
			sourceTree = "<group>";
		};
		FE5327BB24E30CE600BA4AF5 /* ViewControllers */ = {
			isa = PBXGroup;
			children = (
				FE85F65424F2E71400414631 /* ModalViewController */,
				FEFBA08D24F2445900335E77 /* PhotosViewController */,
				0A25982524EDA917003893FA /* SpeciesViewController */,
				FEEEEEDB24D6EF7100C9655B /* NavigationViewController */,
				FE389B3724CF686900F47717 /* FamiliesViewController */,
				FEAB9BA124B2031600A5D178 /* MenuViewController */,
			);
			path = ViewControllers;
			sourceTree = "<group>";
		};
		FE5327BC24E30D2D00BA4AF5 /* Views */ = {
			isa = PBXGroup;
			children = (
				FE1341AE24E32A6E0076EF14 /* HeaderView */,
				FE1341A424E326660076EF14 /* PhotosCollectionView */,
				FE5327BD24E30D5D00BA4AF5 /* PhotosTableView */,
			);
			path = Views;
			sourceTree = "<group>";
		};
		FE5327BD24E30D5D00BA4AF5 /* PhotosTableView */ = {
			isa = PBXGroup;
			children = (
				FE13419D24E325F90076EF14 /* Table */,
				FE5327BE24E30D7800BA4AF5 /* PhotosTableView.swift */,
				FE5327C024E30D8B00BA4AF5 /* PhotosTableView.xib */,
			);
			path = PhotosTableView;
			sourceTree = "<group>";
		};
		FE6952E724E59B4B00A844A2 /* UiEvents */ = {
			isa = PBXGroup;
			children = (
				FE6952E824E59B6400A844A2 /* HeaderViewEvents.swift */,
			);
			path = UiEvents;
			sourceTree = "<group>";
		};
		FE6952EA24E5C58D00A844A2 /* ViewStates */ = {
			isa = PBXGroup;
			children = (
				FE6952EB24E5C5A900A844A2 /* HeaderViewViewStates.swift */,
			);
			path = ViewStates;
			sourceTree = "<group>";
		};
		FE85F65424F2E71400414631 /* ModalViewController */ = {
			isa = PBXGroup;
			children = (
				FEA3D15024F6FE32004B7F7A /* ViewStates */,
				FEA3D14D24F6FE00004B7F7A /* UiEvents */,
				FE85F65524F2E73C00414631 /* ModalPhoto.storyboard */,
				FEACB9FC24F2E80200F61689 /* ModalPhotoViewController.swift */,
				FEACB9FE24F3A38F00F61689 /* PageModal.storyboard */,
				FEACBA0024F3A44200F61689 /* PageModalViewController.swift */,
				FEA3D15324F6FF9D004B7F7A /* ModalPresenter.swift */,
			);
			path = ModalViewController;
			sourceTree = "<group>";
		};
		FE8B040A24CB2AC0002F180F /* Components */ = {
			isa = PBXGroup;
			children = (
				FE8B040B24CB2AD6002F180F /* MenuComponent.swift */,
			);
			path = Components;
			sourceTree = "<group>";
		};
		FEA1CB6224E8691B0038DD9C /* Repositories */ = {
			isa = PBXGroup;
			children = (
				FEA1CB6324E869360038DD9C /* FamiliesRepository.swift */,
				FEA1CB6524E870B40038DD9C /* PhotosToPrintRepository.swift */,
				0A25983024EDBDDB003893FA /* SpeciesRepository.swift */,
				FE71B26F24F1ACF3009F6BF0 /* NavigationRepository.swift */,
				FEFBA09824F2479500335E77 /* PhotosRepository.swift */,
			);
			path = Repositories;
			sourceTree = "<group>";
		};
		FEA3D14D24F6FE00004B7F7A /* UiEvents */ = {
			isa = PBXGroup;
			children = (
				FEA3D14E24F6FE16004B7F7A /* ModalEvents.swift */,
			);
			path = UiEvents;
			sourceTree = "<group>";
		};
		FEA3D15024F6FE32004B7F7A /* ViewStates */ = {
			isa = PBXGroup;
			children = (
				FEA3D15124F6FE3F004B7F7A /* ModalViewStates.swift */,
			);
			path = ViewStates;
			sourceTree = "<group>";
		};
		FEA57F3C24DD8E2600A66871 /* Managers */ = {
			isa = PBXGroup;
			children = (
				FE861B7224E6BE1F003DA5ED /* CacheManager.swift */,
				FEA57F3D24DD8E3500A66871 /* NavigationManager.swift */,
			);
			path = Managers;
			sourceTree = "<group>";
		};
		FEAB9B7324B2027000A5D178 = {
			isa = PBXGroup;
			children = (
				FEAB9B7E24B2027000A5D178 /* ButterfliesOfGreece */,
				FEAB9B9524B2027800A5D178 /* ButterfliesOfGreeceTests */,
				FEAB9B7D24B2027000A5D178 /* Products */,
				C98AD50B5ADE41BADF4A7E43 /* Pods */,
				809AF22E013484F40A66D5A4 /* Frameworks */,
			);
			sourceTree = "<group>";
		};
		FEAB9B7D24B2027000A5D178 /* Products */ = {
			isa = PBXGroup;
			children = (
				FEAB9B7C24B2027000A5D178 /* ButterfliesOfGreece.app */,
				FEAB9B9224B2027800A5D178 /* ButterfliesOfGreeceTests.xctest */,
			);
			name = Products;
			sourceTree = "<group>";
		};
		FEAB9B7E24B2027000A5D178 /* ButterfliesOfGreece */ = {
			isa = PBXGroup;
			children = (
				FEA1CB6224E8691B0038DD9C /* Repositories */,
				FE5327BC24E30D2D00BA4AF5 /* Views */,
				FE5327BB24E30CE600BA4AF5 /* ViewControllers */,
				FE10425724D5AAF10075D027 /* DTO */,
				FEA57F3C24DD8E2600A66871 /* Managers */,
				FE10425424D5A6130075D027 /* Data */,
				0AC7BB0024CF0246000908B9 /* States */,
				0AC7BAFD24CF012E000908B9 /* Events */,
				FEAB9BB224B26CFD00A5D178 /* Base */,
				FEAB9BA624B204AE00A5D178 /* Utilities */,
				FEAB9B7F24B2027000A5D178 /* AppDelegate.swift */,
				FEAB9B8124B2027000A5D178 /* SceneDelegate.swift */,
				FEAB9B8824B2027800A5D178 /* Assets.xcassets */,
				FEAB9B8A24B2027800A5D178 /* LaunchScreen.storyboard */,
				FEAB9B8D24B2027800A5D178 /* Info.plist */,
				FEAB9BA824B2069200A5D178 /* Localizable.strings */,
			);
			path = ButterfliesOfGreece;
			sourceTree = "<group>";
		};
		FEAB9B9524B2027800A5D178 /* ButterfliesOfGreeceTests */ = {
			isa = PBXGroup;
			children = (
				0A25982224ED955E003893FA /* ExtensionTests */,
				0A25982124ED954D003893FA /* PresentersTests */,
				FEAB9B9824B2027800A5D178 /* Info.plist */,
				FE8B040924CB2919002F180F /* ButterfliesOfGreeceTests.xctestplan */,
				FEB3521B24CB22F30040313D /* ButterfliesOfGreeceTests-Bridging-Header.h */,
				FE389B4824CF70BD00F47717 /* TestSchedulers.swift */,
				FE861B7424E6D02E003DA5ED /* TestUserPrefs.swift */,
			);
			path = ButterfliesOfGreeceTests;
			sourceTree = "<group>";
		};
		FEAB9BA124B2031600A5D178 /* MenuViewController */ = {
			isa = PBXGroup;
			children = (
				FE389B3B24CF68B400F47717 /* ViewStates */,
				FE389B3824CF688E00F47717 /* UiEvents */,
				FE8B040A24CB2AC0002F180F /* Components */,
				FEAB9BA224B2033F00A5D178 /* Menu.storyboard */,
				FEAB9BA424B2041800A5D178 /* MenuViewController.swift */,
				FEB3521324CB20210040313D /* MenuPresenter.swift */,
			);
			path = MenuViewController;
			sourceTree = "<group>";
		};
		FEAB9BA624B204AE00A5D178 /* Utilities */ = {
			isa = PBXGroup;
			children = (
				FEAB9BAE24B2075500A5D178 /* StringsExtensions.swift */,
				FEAB9BB024B2099200A5D178 /* Translations.swift */,
				FEB3520D24CB17640040313D /* ButtonExtensions.swift */,
				FE10425024D4B7230075D027 /* Constants.swift */,
				FE10425224D4B7ED0075D027 /* ColorsExtension.swift */,
				FE5327AF24E02AD000BA4AF5 /* ImageExtensions.swift */,
				FE5327B424E03B9200BA4AF5 /* FonstExtensions.swift */,
				FEF2855524EABC610043D28A /* ButterflyPhotoArraysExtensions.swift */,
			);
			path = Utilities;
			sourceTree = "<group>";
		};
		FEAB9BB224B26CFD00A5D178 /* Base */ = {
			isa = PBXGroup;
			children = (
				FEB3520624CB13DB0040313D /* DI */,
				FE1FBE8F24CB110B008D0EA1 /* Schedulers */,
				FEAB9BB324B26D3700A5D178 /* BasePresenter.swift */,
				FEB3520F24CB19620040313D /* BaseViewController.swift */,
				FEB3521124CB199C0040313D /* UiComponent.swift */,
			);
			path = Base;
			sourceTree = "<group>";
		};
		FEB3520624CB13DB0040313D /* DI */ = {
			isa = PBXGroup;
			children = (
				FEB3520724CB13ED0040313D /* IOC.swift */,
			);
			path = DI;
			sourceTree = "<group>";
		};
		FEEEEEDB24D6EF7100C9655B /* NavigationViewController */ = {
			isa = PBXGroup;
			children = (
				FEEEEEDC24D6EF8600C9655B /* Navigation.storyboard */,
				FEEEEEDE24D6F02800C9655B /* NavigationViewController.swift */,
			);
			path = NavigationViewController;
			sourceTree = "<group>";
		};
		FEFBA08D24F2445900335E77 /* PhotosViewController */ = {
			isa = PBXGroup;
			children = (
				FEFBA0A224F29C7A00335E77 /* Components */,
				FEFBA09124F244CE00335E77 /* ViewStates */,
				FEFBA08E24F2449100335E77 /* UiEvents */,
				FEFBA09424F245CE00335E77 /* PhotosState.swift */,
				FEFBA09624F2472500335E77 /* PhotosPresenter.swift */,
				FEFBA09E24F29B4700335E77 /* PhotosViewController.swift */,
				FEFBA0A024F29B5F00335E77 /* Photos.storyboard */,
			);
			path = PhotosViewController;
			sourceTree = "<group>";
		};
		FEFBA08E24F2449100335E77 /* UiEvents */ = {
			isa = PBXGroup;
			children = (
				FEFBA08F24F244A200335E77 /* PhotosEvents.swift */,
			);
			path = UiEvents;
			sourceTree = "<group>";
		};
		FEFBA09124F244CE00335E77 /* ViewStates */ = {
			isa = PBXGroup;
			children = (
				FEFBA09224F244E100335E77 /* PhotoViewStates.swift */,
			);
			path = ViewStates;
			sourceTree = "<group>";
		};
		FEFBA0A224F29C7A00335E77 /* Components */ = {
			isa = PBXGroup;
			children = (
				FE85F64C24F2A2A700414631 /* PhotosTableComponent.swift */,
				FE85F65024F2A2DF00414631 /* PhotosCollectionComponent.swift */,
				FE85F65224F2A2ED00414631 /* PhotosHeaderComponent.swift */,
			);
			path = Components;
			sourceTree = "<group>";
		};
/* End PBXGroup section */

/* Begin PBXNativeTarget section */
		FEAB9B7B24B2027000A5D178 /* ButterfliesOfGreece */ = {
			isa = PBXNativeTarget;
			buildConfigurationList = FEAB9B9B24B2027800A5D178 /* Build configuration list for PBXNativeTarget "ButterfliesOfGreece" */;
			buildPhases = (
				8BFBB0F31DB9497A1699C094 /* [CP] Check Pods Manifest.lock */,
				FEAB9B7824B2027000A5D178 /* Sources */,
				FEAB9B7924B2027000A5D178 /* Frameworks */,
				FEAB9B7A24B2027000A5D178 /* Resources */,
				A32CF040FA1502B2D1F52868 /* [CP] Embed Pods Frameworks */,
			);
			buildRules = (
			);
			dependencies = (
			);
			name = ButterfliesOfGreece;
			productName = ButterfliesOfGreece;
			productReference = FEAB9B7C24B2027000A5D178 /* ButterfliesOfGreece.app */;
			productType = "com.apple.product-type.application";
		};
		FEAB9B9124B2027800A5D178 /* ButterfliesOfGreeceTests */ = {
			isa = PBXNativeTarget;
			buildConfigurationList = FEAB9B9E24B2027800A5D178 /* Build configuration list for PBXNativeTarget "ButterfliesOfGreeceTests" */;
			buildPhases = (
				9B8D528CD067B093579737BF /* [CP] Check Pods Manifest.lock */,
				FEAB9B8E24B2027800A5D178 /* Sources */,
				FEAB9B8F24B2027800A5D178 /* Frameworks */,
				FEAB9B9024B2027800A5D178 /* Resources */,
			);
			buildRules = (
			);
			dependencies = (
				FEAB9B9424B2027800A5D178 /* PBXTargetDependency */,
			);
			name = ButterfliesOfGreeceTests;
			productName = ButterfliesOfGreeceTests;
			productReference = FEAB9B9224B2027800A5D178 /* ButterfliesOfGreeceTests.xctest */;
			productType = "com.apple.product-type.bundle.unit-test";
		};
/* End PBXNativeTarget section */

/* Begin PBXProject section */
		FEAB9B7424B2027000A5D178 /* Project object */ = {
			isa = PBXProject;
			attributes = {
				LastSwiftUpdateCheck = 1150;
				LastUpgradeCheck = 1150;
				ORGANIZATIONNAME = "Ioannis Kapsouras";
				TargetAttributes = {
					FEAB9B7B24B2027000A5D178 = {
						CreatedOnToolsVersion = 11.5;
					};
					FEAB9B9124B2027800A5D178 = {
						CreatedOnToolsVersion = 11.5;
						LastSwiftMigration = 1160;
						TestTargetID = FEAB9B7B24B2027000A5D178;
					};
				};
			};
			buildConfigurationList = FEAB9B7724B2027000A5D178 /* Build configuration list for PBXProject "ButterfliesOfGreece" */;
			compatibilityVersion = "Xcode 9.3";
			developmentRegion = en;
			hasScannedForEncodings = 0;
			knownRegions = (
				en,
				Base,
				el,
			);
			mainGroup = FEAB9B7324B2027000A5D178;
			productRefGroup = FEAB9B7D24B2027000A5D178 /* Products */;
			projectDirPath = "";
			projectRoot = "";
			targets = (
				FEAB9B7B24B2027000A5D178 /* ButterfliesOfGreece */,
				FEAB9B9124B2027800A5D178 /* ButterfliesOfGreeceTests */,
			);
		};
/* End PBXProject section */

/* Begin PBXResourcesBuildPhase section */
		FEAB9B7A24B2027000A5D178 /* Resources */ = {
			isa = PBXResourcesBuildPhase;
			buildActionMask = 2147483647;
			files = (
				FE1341A824E326960076EF14 /* PhotosCollectionView.xib in Resources */,
				FE8DADA724E57032009F92F6 /* PhotosCollectionViewCell.xib in Resources */,
				FEEEEEDD24D6EF8600C9655B /* Navigation.storyboard in Resources */,
				FEACB9FF24F3A38F00F61689 /* PageModal.storyboard in Resources */,
				FE85F65624F2E73C00414631 /* ModalPhoto.storyboard in Resources */,
				FE8DADA924E5759C009F92F6 /* data.json in Resources */,
				FEAB9BA324B2033F00A5D178 /* Menu.storyboard in Resources */,
				FE1341B224E32A9C0076EF14 /* HeaderView.xib in Resources */,
				FEAB9BAA24B2069200A5D178 /* Localizable.strings in Resources */,
				FEAB9B8C24B2027800A5D178 /* LaunchScreen.storyboard in Resources */,
				FE1341A324E3263A0076EF14 /* PhotosTableViewCell.xib in Resources */,
				FE5327B324E039DD00BA4AF5 /* ACTypoGrotesk.ttf in Resources */,
				FEAB9B8924B2027800A5D178 /* Assets.xcassets in Resources */,
				0A7351DE24EE681100E2712D /* Species.storyboard in Resources */,
				FEFBA0A124F29B5F00335E77 /* Photos.storyboard in Resources */,
				FEA57F3924DD8B8300A66871 /* Families.storyboard in Resources */,
				FE5327C124E30D8B00BA4AF5 /* PhotosTableView.xib in Resources */,
			);
			runOnlyForDeploymentPostprocessing = 0;
		};
		FEAB9B9024B2027800A5D178 /* Resources */ = {
			isa = PBXResourcesBuildPhase;
			buildActionMask = 2147483647;
			files = (
			);
			runOnlyForDeploymentPostprocessing = 0;
		};
/* End PBXResourcesBuildPhase section */

/* Begin PBXShellScriptBuildPhase section */
		8BFBB0F31DB9497A1699C094 /* [CP] Check Pods Manifest.lock */ = {
			isa = PBXShellScriptBuildPhase;
			buildActionMask = 2147483647;
			files = (
			);
			inputFileListPaths = (
			);
			inputPaths = (
				"${PODS_PODFILE_DIR_PATH}/Podfile.lock",
				"${PODS_ROOT}/Manifest.lock",
			);
			name = "[CP] Check Pods Manifest.lock";
			outputFileListPaths = (
			);
			outputPaths = (
				"$(DERIVED_FILE_DIR)/Pods-ButterfliesOfGreece-checkManifestLockResult.txt",
			);
			runOnlyForDeploymentPostprocessing = 0;
			shellPath = /bin/sh;
			shellScript = "diff \"${PODS_PODFILE_DIR_PATH}/Podfile.lock\" \"${PODS_ROOT}/Manifest.lock\" > /dev/null\nif [ $? != 0 ] ; then\n    # print error to STDERR\n    echo \"error: The sandbox is not in sync with the Podfile.lock. Run 'pod install' or update your CocoaPods installation.\" >&2\n    exit 1\nfi\n# This output is used by Xcode 'outputs' to avoid re-running this script phase.\necho \"SUCCESS\" > \"${SCRIPT_OUTPUT_FILE_0}\"\n";
			showEnvVarsInLog = 0;
		};
		9B8D528CD067B093579737BF /* [CP] Check Pods Manifest.lock */ = {
			isa = PBXShellScriptBuildPhase;
			buildActionMask = 2147483647;
			files = (
			);
			inputFileListPaths = (
			);
			inputPaths = (
				"${PODS_PODFILE_DIR_PATH}/Podfile.lock",
				"${PODS_ROOT}/Manifest.lock",
			);
			name = "[CP] Check Pods Manifest.lock";
			outputFileListPaths = (
			);
			outputPaths = (
				"$(DERIVED_FILE_DIR)/Pods-ButterfliesOfGreeceTests-checkManifestLockResult.txt",
			);
			runOnlyForDeploymentPostprocessing = 0;
			shellPath = /bin/sh;
			shellScript = "diff \"${PODS_PODFILE_DIR_PATH}/Podfile.lock\" \"${PODS_ROOT}/Manifest.lock\" > /dev/null\nif [ $? != 0 ] ; then\n    # print error to STDERR\n    echo \"error: The sandbox is not in sync with the Podfile.lock. Run 'pod install' or update your CocoaPods installation.\" >&2\n    exit 1\nfi\n# This output is used by Xcode 'outputs' to avoid re-running this script phase.\necho \"SUCCESS\" > \"${SCRIPT_OUTPUT_FILE_0}\"\n";
			showEnvVarsInLog = 0;
		};
		A32CF040FA1502B2D1F52868 /* [CP] Embed Pods Frameworks */ = {
			isa = PBXShellScriptBuildPhase;
			buildActionMask = 2147483647;
			files = (
			);
			inputFileListPaths = (
				"${PODS_ROOT}/Target Support Files/Pods-ButterfliesOfGreece/Pods-ButterfliesOfGreece-frameworks-${CONFIGURATION}-input-files.xcfilelist",
			);
			name = "[CP] Embed Pods Frameworks";
			outputFileListPaths = (
				"${PODS_ROOT}/Target Support Files/Pods-ButterfliesOfGreece/Pods-ButterfliesOfGreece-frameworks-${CONFIGURATION}-output-files.xcfilelist",
			);
			runOnlyForDeploymentPostprocessing = 0;
			shellPath = /bin/sh;
			shellScript = "\"${PODS_ROOT}/Target Support Files/Pods-ButterfliesOfGreece/Pods-ButterfliesOfGreece-frameworks.sh\"\n";
			showEnvVarsInLog = 0;
		};
/* End PBXShellScriptBuildPhase section */

/* Begin PBXSourcesBuildPhase section */
		FEAB9B7824B2027000A5D178 /* Sources */ = {
			isa = PBXSourcesBuildPhase;
			buildActionMask = 2147483647;
			files = (
				FE1341A624E326880076EF14 /* PhotosCollectionView.swift in Sources */,
				FEACBA0124F3A44200F61689 /* PageModalViewController.swift in Sources */,
				FEFBA09F24F29B4700335E77 /* PhotosViewController.swift in Sources */,
				FE1341A224E3263A0076EF14 /* PhotosTableViewCell.swift in Sources */,
				FEFBA09524F245CE00335E77 /* PhotosState.swift in Sources */,
				FEA57F3B24DD8BAE00A66871 /* FamiliesViewController.swift in Sources */,
				0A25982724EDBC5D003893FA /* SpeciesPresenter.swift in Sources */,
				FEB3521024CB19620040313D /* BaseViewController.swift in Sources */,
				FE10425124D4B7230075D027 /* Constants.swift in Sources */,
				0A7351E724EEA2B400E2712D /* SpeciesHeaderComponent.swift in Sources */,
				FE5327BA24E1DDE900BA4AF5 /* FamiliesTableComponent.swift in Sources */,
				FE861B7324E6BE1F003DA5ED /* CacheManager.swift in Sources */,
				0AC7BAFF24CF01CE000908B9 /* UiEvents.swift in Sources */,
				0A7351E024EE68C600E2712D /* SpeciesViewController.swift in Sources */,
				0A7351E524EEA2A000E2712D /* SpeciesCollectionComponent.swift in Sources */,
				FE1FBE9324CB11A8008D0EA1 /* MainThreadScheduler.swift in Sources */,
				FEAB9BAF24B2075500A5D178 /* StringsExtensions.swift in Sources */,
				FEFBA09024F244A200335E77 /* PhotosEvents.swift in Sources */,
				FE1FBE9124CB1121008D0EA1 /* BackgroundThreadScheduler.swift in Sources */,
				FEA3D15224F6FE3F004B7F7A /* ModalViewStates.swift in Sources */,
				FE1341B424E32B340076EF14 /* FamiliesCollectionComponent.swift in Sources */,
				FE10425D24D5ABD20075D027 /* ButterflyPhoto.swift in Sources */,
				FEA1CB6424E869360038DD9C /* FamiliesRepository.swift in Sources */,
				FEAB9BB424B26D3700A5D178 /* BasePresenter.swift in Sources */,
				FE389B3F24CF68F400F47717 /* FamiliesPresenter.swift in Sources */,
				FE5327B524E03B9200BA4AF5 /* FonstExtensions.swift in Sources */,
				FEF2855624EABC610043D28A /* ButterflyPhotoArraysExtensions.swift in Sources */,
				0A7351E324EEA29400E2712D /* SpeciesTableComponent.swift in Sources */,
				FEB3520824CB13ED0040313D /* IOC.swift in Sources */,
				FE6952E924E59B6500A844A2 /* HeaderViewEvents.swift in Sources */,
				FE71B27024F1ACF3009F6BF0 /* NavigationRepository.swift in Sources */,
				FEA3D14F24F6FE16004B7F7A /* ModalEvents.swift in Sources */,
				FE1341B024E32A8F0076EF14 /* HeaderView.swift in Sources */,
				FEAB9BB124B2099200A5D178 /* Translations.swift in Sources */,
				FEB3521424CB20210040313D /* MenuPresenter.swift in Sources */,
				FE6952EC24E5C5A900A844A2 /* HeaderViewViewStates.swift in Sources */,
				FEA3D15424F6FF9D004B7F7A /* ModalPresenter.swift in Sources */,
				FEA1CB6624E870B40038DD9C /* PhotosToPrintRepository.swift in Sources */,
				FEA57F3E24DD8E3500A66871 /* NavigationManager.swift in Sources */,
				0A25982F24EDBD55003893FA /* SpeciesViewStates.swift in Sources */,
				0A25983124EDBDDB003893FA /* SpeciesRepository.swift in Sources */,
				FEEEEEDF24D6F02800C9655B /* NavigationViewController.swift in Sources */,
				FEFBA09724F2472500335E77 /* PhotosPresenter.swift in Sources */,
				FE5327B024E02AD000BA4AF5 /* ImageExtensions.swift in Sources */,
				FE389B4224CF699A00F47717 /* FamiliesEvents.swift in Sources */,
				FE8B040C24CB2AD6002F180F /* MenuComponent.swift in Sources */,
				FE85F64D24F2A2A700414631 /* PhotosTableComponent.swift in Sources */,
				FE5327BF24E30D7800BA4AF5 /* PhotosTableView.swift in Sources */,
				FE13419F24E326190076EF14 /* PhotosTableSource.swift in Sources */,
				FE861B7124E6BC8C003DA5ED /* HeaderState.swift in Sources */,
				FEAB9B8024B2027000A5D178 /* AppDelegate.swift in Sources */,
				FE1341AB24E327AD0076EF14 /* PhotosCollectionSource.swift in Sources */,
				FE85F65324F2A2ED00414631 /* PhotosHeaderComponent.swift in Sources */,
				FEACB9FD24F2E80200F61689 /* ModalPhotoViewController.swift in Sources */,
				FEB3520E24CB17640040313D /* ButtonExtensions.swift in Sources */,
				FE8DADA624E57032009F92F6 /* PhotosCollectionViewCell.swift in Sources */,
				0AC7BB0224CF0251000908B9 /* ViewStates.swift in Sources */,
				FE389B3D24CF68CB00F47717 /* MenuViewStates.swift in Sources */,
				FE10425924D5AB030075D027 /* Family.swift in Sources */,
				FEB3521224CB199C0040313D /* UiComponent.swift in Sources */,
				FE85F65124F2A2DF00414631 /* PhotosCollectionComponent.swift in Sources */,
				FEFBA09924F2479500335E77 /* PhotosRepository.swift in Sources */,
				FE5327B724E178D500BA4AF5 /* FamiliesState.swift in Sources */,
				FEAB9BA524B2041800A5D178 /* MenuViewController.swift in Sources */,
				FE1341B624E32E6F0076EF14 /* FamiliesHeaderComponent.swift in Sources */,
				FE10425B24D5AB920075D027 /* Specie.swift in Sources */,
				FE389B4524CF6A6D00F47717 /* FamiliesViewStates.swift in Sources */,
				FEFBA09324F244E100335E77 /* PhotoViewStates.swift in Sources */,
				0A25982C24EDBCB2003893FA /* SpeciesEvents.swift in Sources */,
				FEA1CB6124E84A710038DD9C /* Storage.swift in Sources */,
				FE389B3A24CF68A300F47717 /* MenuUiEvents.swift in Sources */,
				FEAB9B8224B2027000A5D178 /* SceneDelegate.swift in Sources */,
				0A25982924EDBC67003893FA /* SpeciesState.swift in Sources */,
				FE10425324D4B7ED0075D027 /* ColorsExtension.swift in Sources */,
			);
			runOnlyForDeploymentPostprocessing = 0;
		};
		FEAB9B8E24B2027800A5D178 /* Sources */ = {
			isa = PBXSourcesBuildPhase;
			buildActionMask = 2147483647;
			files = (
				FEA3D15624F703AB004B7F7A /* ModalPresentersTests.swift in Sources */,
				FE389B4724CF707900F47717 /* FamiliesPresenterTests.swift in Sources */,
				0A25983324EDC176003893FA /* SpeciesPresenterTests.swift in Sources */,
				FEFBA09B24F296E600335E77 /* PhotosPresenterTests.swift in Sources */,
				0A25982424ED957D003893FA /* ButterflyPhotoExtensionTests.swift in Sources */,
				FE861B7524E6D02E003DA5ED /* TestUserPrefs.swift in Sources */,
				FEB3521D24CB22F30040313D /* MenuPresenterTests.swift in Sources */,
				FE389B4924CF70BD00F47717 /* TestSchedulers.swift in Sources */,
			);
			runOnlyForDeploymentPostprocessing = 0;
		};
/* End PBXSourcesBuildPhase section */

/* Begin PBXTargetDependency section */
		FEAB9B9424B2027800A5D178 /* PBXTargetDependency */ = {
			isa = PBXTargetDependency;
			target = FEAB9B7B24B2027000A5D178 /* ButterfliesOfGreece */;
			targetProxy = FEAB9B9324B2027800A5D178 /* PBXContainerItemProxy */;
		};
/* End PBXTargetDependency section */

/* Begin PBXVariantGroup section */
		FEAB9B8A24B2027800A5D178 /* LaunchScreen.storyboard */ = {
			isa = PBXVariantGroup;
			children = (
				FEAB9B8B24B2027800A5D178 /* Base */,
				FEAB9BA724B205B800A5D178 /* el */,
			);
			name = LaunchScreen.storyboard;
			sourceTree = "<group>";
		};
		FEAB9BA824B2069200A5D178 /* Localizable.strings */ = {
			isa = PBXVariantGroup;
			children = (
				FEAB9BA924B2069200A5D178 /* Base */,
				FEAB9BAC24B206AF00A5D178 /* el */,
			);
			name = Localizable.strings;
			sourceTree = "<group>";
		};
/* End PBXVariantGroup section */

/* Begin XCBuildConfiguration section */
		FEAB9B9924B2027800A5D178 /* Debug */ = {
			isa = XCBuildConfiguration;
			buildSettings = {
				ALWAYS_SEARCH_USER_PATHS = NO;
				CLANG_ANALYZER_LOCALIZABILITY_NONLOCALIZED = YES;
				CLANG_ANALYZER_NONNULL = YES;
				CLANG_ANALYZER_NUMBER_OBJECT_CONVERSION = YES_AGGRESSIVE;
				CLANG_CXX_LANGUAGE_STANDARD = "gnu++14";
				CLANG_CXX_LIBRARY = "libc++";
				CLANG_ENABLE_MODULES = YES;
				CLANG_ENABLE_OBJC_ARC = YES;
				CLANG_ENABLE_OBJC_WEAK = YES;
				CLANG_WARN_BLOCK_CAPTURE_AUTORELEASING = YES;
				CLANG_WARN_BOOL_CONVERSION = YES;
				CLANG_WARN_COMMA = YES;
				CLANG_WARN_CONSTANT_CONVERSION = YES;
				CLANG_WARN_DEPRECATED_OBJC_IMPLEMENTATIONS = YES;
				CLANG_WARN_DIRECT_OBJC_ISA_USAGE = YES_ERROR;
				CLANG_WARN_DOCUMENTATION_COMMENTS = YES;
				CLANG_WARN_EMPTY_BODY = YES;
				CLANG_WARN_ENUM_CONVERSION = YES;
				CLANG_WARN_INFINITE_RECURSION = YES;
				CLANG_WARN_INT_CONVERSION = YES;
				CLANG_WARN_NON_LITERAL_NULL_CONVERSION = YES;
				CLANG_WARN_OBJC_IMPLICIT_RETAIN_SELF = YES;
				CLANG_WARN_OBJC_LITERAL_CONVERSION = YES;
				CLANG_WARN_OBJC_ROOT_CLASS = YES_ERROR;
				CLANG_WARN_RANGE_LOOP_ANALYSIS = YES;
				CLANG_WARN_STRICT_PROTOTYPES = YES;
				CLANG_WARN_SUSPICIOUS_MOVE = YES;
				CLANG_WARN_UNGUARDED_AVAILABILITY = YES_AGGRESSIVE;
				CLANG_WARN_UNREACHABLE_CODE = YES;
				CLANG_WARN__DUPLICATE_METHOD_MATCH = YES;
				COPY_PHASE_STRIP = NO;
				DEBUG_INFORMATION_FORMAT = dwarf;
				ENABLE_STRICT_OBJC_MSGSEND = YES;
				ENABLE_TESTABILITY = YES;
				GCC_C_LANGUAGE_STANDARD = gnu11;
				GCC_DYNAMIC_NO_PIC = NO;
				GCC_NO_COMMON_BLOCKS = YES;
				GCC_OPTIMIZATION_LEVEL = 0;
				GCC_PREPROCESSOR_DEFINITIONS = (
					"DEBUG=1",
					"$(inherited)",
				);
				GCC_WARN_64_TO_32_BIT_CONVERSION = YES;
				GCC_WARN_ABOUT_RETURN_TYPE = YES_ERROR;
				GCC_WARN_UNDECLARED_SELECTOR = YES;
				GCC_WARN_UNINITIALIZED_AUTOS = YES_AGGRESSIVE;
				GCC_WARN_UNUSED_FUNCTION = YES;
				GCC_WARN_UNUSED_VARIABLE = YES;
				IPHONEOS_DEPLOYMENT_TARGET = 13.5;
				MTL_ENABLE_DEBUG_INFO = INCLUDE_SOURCE;
				MTL_FAST_MATH = YES;
				ONLY_ACTIVE_ARCH = YES;
				SDKROOT = iphoneos;
				SWIFT_ACTIVE_COMPILATION_CONDITIONS = DEBUG;
				SWIFT_OPTIMIZATION_LEVEL = "-Onone";
			};
			name = Debug;
		};
		FEAB9B9A24B2027800A5D178 /* Release */ = {
			isa = XCBuildConfiguration;
			buildSettings = {
				ALWAYS_SEARCH_USER_PATHS = NO;
				CLANG_ANALYZER_LOCALIZABILITY_NONLOCALIZED = YES;
				CLANG_ANALYZER_NONNULL = YES;
				CLANG_ANALYZER_NUMBER_OBJECT_CONVERSION = YES_AGGRESSIVE;
				CLANG_CXX_LANGUAGE_STANDARD = "gnu++14";
				CLANG_CXX_LIBRARY = "libc++";
				CLANG_ENABLE_MODULES = YES;
				CLANG_ENABLE_OBJC_ARC = YES;
				CLANG_ENABLE_OBJC_WEAK = YES;
				CLANG_WARN_BLOCK_CAPTURE_AUTORELEASING = YES;
				CLANG_WARN_BOOL_CONVERSION = YES;
				CLANG_WARN_COMMA = YES;
				CLANG_WARN_CONSTANT_CONVERSION = YES;
				CLANG_WARN_DEPRECATED_OBJC_IMPLEMENTATIONS = YES;
				CLANG_WARN_DIRECT_OBJC_ISA_USAGE = YES_ERROR;
				CLANG_WARN_DOCUMENTATION_COMMENTS = YES;
				CLANG_WARN_EMPTY_BODY = YES;
				CLANG_WARN_ENUM_CONVERSION = YES;
				CLANG_WARN_INFINITE_RECURSION = YES;
				CLANG_WARN_INT_CONVERSION = YES;
				CLANG_WARN_NON_LITERAL_NULL_CONVERSION = YES;
				CLANG_WARN_OBJC_IMPLICIT_RETAIN_SELF = YES;
				CLANG_WARN_OBJC_LITERAL_CONVERSION = YES;
				CLANG_WARN_OBJC_ROOT_CLASS = YES_ERROR;
				CLANG_WARN_RANGE_LOOP_ANALYSIS = YES;
				CLANG_WARN_STRICT_PROTOTYPES = YES;
				CLANG_WARN_SUSPICIOUS_MOVE = YES;
				CLANG_WARN_UNGUARDED_AVAILABILITY = YES_AGGRESSIVE;
				CLANG_WARN_UNREACHABLE_CODE = YES;
				CLANG_WARN__DUPLICATE_METHOD_MATCH = YES;
				COPY_PHASE_STRIP = NO;
				DEBUG_INFORMATION_FORMAT = "dwarf-with-dsym";
				ENABLE_NS_ASSERTIONS = NO;
				ENABLE_STRICT_OBJC_MSGSEND = YES;
				GCC_C_LANGUAGE_STANDARD = gnu11;
				GCC_NO_COMMON_BLOCKS = YES;
				GCC_WARN_64_TO_32_BIT_CONVERSION = YES;
				GCC_WARN_ABOUT_RETURN_TYPE = YES_ERROR;
				GCC_WARN_UNDECLARED_SELECTOR = YES;
				GCC_WARN_UNINITIALIZED_AUTOS = YES_AGGRESSIVE;
				GCC_WARN_UNUSED_FUNCTION = YES;
				GCC_WARN_UNUSED_VARIABLE = YES;
				IPHONEOS_DEPLOYMENT_TARGET = 13.5;
				MTL_ENABLE_DEBUG_INFO = NO;
				MTL_FAST_MATH = YES;
				SDKROOT = iphoneos;
				SWIFT_COMPILATION_MODE = wholemodule;
				SWIFT_OPTIMIZATION_LEVEL = "-O";
				VALIDATE_PRODUCT = YES;
			};
			name = Release;
		};
		FEAB9B9C24B2027800A5D178 /* Debug */ = {
			isa = XCBuildConfiguration;
			baseConfigurationReference = 0BB0DAA865F5B9DD6E51EFDD /* Pods-ButterfliesOfGreece.debug.xcconfig */;
			buildSettings = {
				ASSETCATALOG_COMPILER_APPICON_NAME = AppIcon;
				CODE_SIGN_STYLE = Automatic;
				DEVELOPMENT_TEAM = NX28QX29VR;
				INFOPLIST_FILE = ButterfliesOfGreece/Info.plist;
				LD_RUNPATH_SEARCH_PATHS = (
					"$(inherited)",
					"@executable_path/Frameworks",
				);
				PRODUCT_BUNDLE_IDENTIFIER = gr.jkapsi.ButterfliesOfGreece;
				PRODUCT_NAME = "$(TARGET_NAME)";
				SWIFT_VERSION = 5.0;
				TARGETED_DEVICE_FAMILY = "1,2";
			};
			name = Debug;
		};
		FEAB9B9D24B2027800A5D178 /* Release */ = {
			isa = XCBuildConfiguration;
			baseConfigurationReference = 3B6076E8437DA77554B6B536 /* Pods-ButterfliesOfGreece.release.xcconfig */;
			buildSettings = {
				ASSETCATALOG_COMPILER_APPICON_NAME = AppIcon;
				CODE_SIGN_STYLE = Automatic;
				DEVELOPMENT_TEAM = NX28QX29VR;
				INFOPLIST_FILE = ButterfliesOfGreece/Info.plist;
				LD_RUNPATH_SEARCH_PATHS = (
					"$(inherited)",
					"@executable_path/Frameworks",
				);
				PRODUCT_BUNDLE_IDENTIFIER = gr.jkapsi.ButterfliesOfGreece;
				PRODUCT_NAME = "$(TARGET_NAME)";
				SWIFT_VERSION = 5.0;
				TARGETED_DEVICE_FAMILY = "1,2";
			};
			name = Release;
		};
		FEAB9B9F24B2027800A5D178 /* Debug */ = {
			isa = XCBuildConfiguration;
			baseConfigurationReference = 9F8CEBE0B2C512BF4BF81547 /* Pods-ButterfliesOfGreeceTests.debug.xcconfig */;
			buildSettings = {
				ALWAYS_EMBED_SWIFT_STANDARD_LIBRARIES = YES;
				BUNDLE_LOADER = "$(TEST_HOST)";
				CLANG_ENABLE_MODULES = YES;
				CODE_SIGN_STYLE = Automatic;
				DEVELOPMENT_TEAM = NX28QX29VR;
				INFOPLIST_FILE = ButterfliesOfGreeceTests/Info.plist;
				IPHONEOS_DEPLOYMENT_TARGET = 13.5;
				LD_RUNPATH_SEARCH_PATHS = (
					"$(inherited)",
					"@executable_path/Frameworks",
					"@loader_path/Frameworks",
				);
				PRODUCT_BUNDLE_IDENTIFIER = gr.jkapsi.ButterfliesOfGreeceTests;
				PRODUCT_NAME = "$(TARGET_NAME)";
				SWIFT_OBJC_BRIDGING_HEADER = "ButterfliesOfGreeceTests/ButterfliesOfGreeceTests-Bridging-Header.h";
				SWIFT_OPTIMIZATION_LEVEL = "-Onone";
				SWIFT_VERSION = 5.0;
				TARGETED_DEVICE_FAMILY = "1,2";
				TEST_HOST = "$(BUILT_PRODUCTS_DIR)/ButterfliesOfGreece.app/ButterfliesOfGreece";
			};
			name = Debug;
		};
		FEAB9BA024B2027800A5D178 /* Release */ = {
			isa = XCBuildConfiguration;
			baseConfigurationReference = 9F6073BB6689962BD678E999 /* Pods-ButterfliesOfGreeceTests.release.xcconfig */;
			buildSettings = {
				ALWAYS_EMBED_SWIFT_STANDARD_LIBRARIES = YES;
				BUNDLE_LOADER = "$(TEST_HOST)";
				CLANG_ENABLE_MODULES = YES;
				CODE_SIGN_STYLE = Automatic;
				DEVELOPMENT_TEAM = NX28QX29VR;
				INFOPLIST_FILE = ButterfliesOfGreeceTests/Info.plist;
				IPHONEOS_DEPLOYMENT_TARGET = 13.5;
				LD_RUNPATH_SEARCH_PATHS = (
					"$(inherited)",
					"@executable_path/Frameworks",
					"@loader_path/Frameworks",
				);
				PRODUCT_BUNDLE_IDENTIFIER = gr.jkapsi.ButterfliesOfGreeceTests;
				PRODUCT_NAME = "$(TARGET_NAME)";
				SWIFT_OBJC_BRIDGING_HEADER = "ButterfliesOfGreeceTests/ButterfliesOfGreeceTests-Bridging-Header.h";
				SWIFT_VERSION = 5.0;
				TARGETED_DEVICE_FAMILY = "1,2";
				TEST_HOST = "$(BUILT_PRODUCTS_DIR)/ButterfliesOfGreece.app/ButterfliesOfGreece";
			};
			name = Release;
		};
/* End XCBuildConfiguration section */

/* Begin XCConfigurationList section */
		FEAB9B7724B2027000A5D178 /* Build configuration list for PBXProject "ButterfliesOfGreece" */ = {
			isa = XCConfigurationList;
			buildConfigurations = (
				FEAB9B9924B2027800A5D178 /* Debug */,
				FEAB9B9A24B2027800A5D178 /* Release */,
			);
			defaultConfigurationIsVisible = 0;
			defaultConfigurationName = Release;
		};
		FEAB9B9B24B2027800A5D178 /* Build configuration list for PBXNativeTarget "ButterfliesOfGreece" */ = {
			isa = XCConfigurationList;
			buildConfigurations = (
				FEAB9B9C24B2027800A5D178 /* Debug */,
				FEAB9B9D24B2027800A5D178 /* Release */,
			);
			defaultConfigurationIsVisible = 0;
			defaultConfigurationName = Release;
		};
		FEAB9B9E24B2027800A5D178 /* Build configuration list for PBXNativeTarget "ButterfliesOfGreeceTests" */ = {
			isa = XCConfigurationList;
			buildConfigurations = (
				FEAB9B9F24B2027800A5D178 /* Debug */,
				FEAB9BA024B2027800A5D178 /* Release */,
			);
			defaultConfigurationIsVisible = 0;
			defaultConfigurationName = Release;
		};
/* End XCConfigurationList section */
	};
	rootObject = FEAB9B7424B2027000A5D178 /* Project object */;
}
