PODS:
  - Alamofire (5.6.4)
  - AppCenter (5.0.0):
    - AppCenter/Analytics (= 5.0.0)
    - AppCenter/Crashes (= 5.0.0)
  - AppCenter/Analytics (5.0.0):
    - AppCenter/Core
  - AppCenter/Core (5.0.0)
  - AppCenter/Crashes (5.0.0):
    - AppCenter/Core
  - LibTorch (1.7.1):
    - LibTorch/Core (= 1.7.1)
  - LibTorch/Core (1.7.1):
    - LibTorch/Torch
  - LibTorch/Torch (1.7.1)
  - TensorFlowLiteC (0.0.1-nightly.20221124):
    - TensorFlowLiteC/Core (= 0.0.1-nightly.20221124)
  - TensorFlowLiteC/Core (0.0.1-nightly.20221124)
  - TensorFlowLiteC/CoreML (0.0.1-nightly.20221124):
    - TensorFlowLiteC/Core
  - TensorFlowLiteC/Metal (0.0.1-nightly.20221124):
    - TensorFlowLiteC/Core
  - TensorFlowLiteSwift/Core (0.0.1-nightly.20221124):
    - TensorFlowLiteC (= 0.0.1-nightly.20221124)
  - TensorFlowLiteSwift/CoreML (0.0.1-nightly.20221124):
    - TensorFlowLiteC/CoreML (= 0.0.1-nightly.20221124)
    - TensorFlowLiteSwift/Core (= 0.0.1-nightly.20221124)
  - TensorFlowLiteSwift/Metal (0.0.1-nightly.20221124):
    - TensorFlowLiteC/Metal (= 0.0.1-nightly.20221124)
    - TensorFlowLiteSwift/Core (= 0.0.1-nightly.20221124)

DEPENDENCIES:
  - Alamofire (~> 5.2)
  - AppCenter
  - LibTorch (~> 1.7.1)
  - TensorFlowLiteSwift/CoreML (~> 0.0.0-nightly)
  - TensorFlowLiteSwift/Metal (~> 0.0.0-nightly)

SPEC REPOS:
  trunk:
    - Alamofire
    - AppCenter
    - LibTorch
    - TensorFlowLiteC
    - TensorFlowLiteSwift

SPEC CHECKSUMS:
  Alamofire: 4e95d97098eacb88856099c4fc79b526a299e48c
  AppCenter: 30ac5adefc8fc41d9530f1cc91829810a6af4c93
  LibTorch: cef57cf03fbb7fcc798b9f59dde4302c47d3c50b
  TensorFlowLiteC: d9dbe42362100816928e97326e986c399c673e4e
  TensorFlowLiteSwift: b33e3b2d925ce8be4384209c877a300606ddc87d

PODFILE CHECKSUM: d6d1316771215346d57b83d79e9cd296e1839037

COCOAPODS: 1.16.2
